// !$*UTF8*$!
{
	archiveVersion = 1;
	classes = {
	};
	objectVersion = 56;
	objects = {

/* Begin PBXBuildFile section */
		630AD5C02B196CBC00C2FE79 /* MethosSwizzleVC.swift in Sources */ = {isa = PBXBuildFile; fileRef = 630AD5BF2B196CBC00C2FE79 /* MethosSwizzleVC.swift */; };
		63121C842B19ADBD00A22666 /* AnyModelStore.swift in Sources */ = {isa = PBXBuildFile; fileRef = 63121C832B19ADBD00A22666 /* AnyModelStore.swift */; };
		63121C862B19E0D000A22666 /* PinBottomView.swift in Sources */ = {isa = PBXBuildFile; fileRef = 63121C852B19E0D000A22666 /* PinBottomView.swift */; };
		63121C892B19EF7700A22666 /* PinCreatingBottomView.swift in Sources */ = {isa = PBXBuildFile; fileRef = 63121C882B19EF7700A22666 /* PinCreatingBottomView.swift */; };
		63121C8B2B19EFC700A22666 /* BottomImageCell.swift in Sources */ = {isa = PBXBuildFile; fileRef = 63121C8A2B19EFC700A22666 /* BottomImageCell.swift */; };
		63121C8D2B19EFFE00A22666 /* PinCreatingBottomView+DS.swift in Sources */ = {isa = PBXBuildFile; fileRef = 63121C8C2B19EFFE00A22666 /* PinCreatingBottomView+DS.swift */; };
		63121C902B19F17D00A22666 /* PinInfoVC.swift in Sources */ = {isa = PBXBuildFile; fileRef = 63121C8F2B19F17D00A22666 /* PinInfoVC.swift */; };
		63121C922B1A057500A22666 /* PinInfoTitleView.swift in Sources */ = {isa = PBXBuildFile; fileRef = 63121C912B1A057500A22666 /* PinInfoTitleView.swift */; };
		63121C942B1A06D500A22666 /* CreatingPinInfoVM.swift in Sources */ = {isa = PBXBuildFile; fileRef = 63121C932B1A06D500A22666 /* CreatingPinInfoVM.swift */; };
		6325F2502B230EF700AD0956 /* TaskCounter.swift in Sources */ = {isa = PBXBuildFile; fileRef = 6325F24F2B230EF700AD0956 /* TaskCounter.swift */; };
		6325F2522B231A5300AD0956 /* PinInfoBottomView.swift in Sources */ = {isa = PBXBuildFile; fileRef = 6325F2512B231A5300AD0956 /* PinInfoBottomView.swift */; };
		6325F2542B23645500AD0956 /* UIImage+Extensions.swift in Sources */ = {isa = PBXBuildFile; fileRef = 6325F2532B23645500AD0956 /* UIImage+Extensions.swift */; };
		63282CDA2B08BA29006E7771 /* FeedVC.swift in Sources */ = {isa = PBXBuildFile; fileRef = 63282CD92B08BA29006E7771 /* FeedVC.swift */; };
		63282CDC2B08BA67006E7771 /* FeedVM.swift in Sources */ = {isa = PBXBuildFile; fileRef = 63282CDB2B08BA67006E7771 /* FeedVM.swift */; };
		632C3D612B2427350087D95A /* WrapperImageView.swift in Sources */ = {isa = PBXBuildFile; fileRef = 632C3D602B2427350087D95A /* WrapperImageView.swift */; };
		632C3D642B2436BD0087D95A /* PinInfoBoardVC.swift in Sources */ = {isa = PBXBuildFile; fileRef = 632C3D632B2436BD0087D95A /* PinInfoBoardVC.swift */; };
		632C3D672B2439DA0087D95A /* PinInfoTagVC.swift in Sources */ = {isa = PBXBuildFile; fileRef = 632C3D662B2439DA0087D95A /* PinInfoTagVC.swift */; };
		632C3D692B243E2D0087D95A /* PinInfoBoardBottom.swift in Sources */ = {isa = PBXBuildFile; fileRef = 632C3D682B243E2D0087D95A /* PinInfoBoardBottom.swift */; };
		632C3D6B2B2443190087D95A /* PinInfoBoardVC+DS.swift in Sources */ = {isa = PBXBuildFile; fileRef = 632C3D6A2B2443190087D95A /* PinInfoBoardVC+DS.swift */; };
		632C3D6D2B244FB90087D95A /* BoardPost.swift in Sources */ = {isa = PBXBuildFile; fileRef = 632C3D6C2B244FB90087D95A /* BoardPost.swift */; };
		632C3D6F2B2451110087D95A /* PinInfoBoardVC+CollectionView.swift in Sources */ = {isa = PBXBuildFile; fileRef = 632C3D6E2B2451110087D95A /* PinInfoBoardVC+CollectionView.swift */; };
		633CE8E42B21B34300C63D6E /* NavigationModifiers.swift in Sources */ = {isa = PBXBuildFile; fileRef = 633CE8E32B21B34300C63D6E /* NavigationModifiers.swift */; };
		633F61BB2B2743780059ECFF /* ReSignInVC.swift in Sources */ = {isa = PBXBuildFile; fileRef = 633F61BA2B2743780059ECFF /* ReSignInVC.swift */; };
		633F61BE2B2747DE0059ECFF /* SignIn.swift in Sources */ = {isa = PBXBuildFile; fileRef = 633F61BD2B2747DE0059ECFF /* SignIn.swift */; };
		633FF7772B172632003564FB /* CreatingPinVC.swift in Sources */ = {isa = PBXBuildFile; fileRef = 633FF7762B172632003564FB /* CreatingPinVC.swift */; };
		633FF7792B172BE1003564FB /* CreatingPinVC+CollectionView.swift in Sources */ = {isa = PBXBuildFile; fileRef = 633FF7782B172BE1003564FB /* CreatingPinVC+CollectionView.swift */; };
		633FF77B2B172CD1003564FB /* CreatingPinMainCell.swift in Sources */ = {isa = PBXBuildFile; fileRef = 633FF77A2B172CD1003564FB /* CreatingPinMainCell.swift */; };
		633FF7802B1759DD003564FB /* DiscoverView.swift in Sources */ = {isa = PBXBuildFile; fileRef = 633FF77F2B1759DD003564FB /* DiscoverView.swift */; };
		633FF7822B175A58003564FB /* BoardSectionView.swift in Sources */ = {isa = PBXBuildFile; fileRef = 633FF7812B175A58003564FB /* BoardSectionView.swift */; };
		633FF7852B175BE0003564FB /* DiscoverVM.swift in Sources */ = {isa = PBXBuildFile; fileRef = 633FF7842B175BE0003564FB /* DiscoverVM.swift */; };
		633FF7872B175F40003564FB /* TopTabbar.swift in Sources */ = {isa = PBXBuildFile; fileRef = 633FF7862B175F40003564FB /* TopTabbar.swift */; };
		633FF78A2B17AEA6003564FB /* AlbumNaviTitileButton.swift in Sources */ = {isa = PBXBuildFile; fileRef = 633FF7892B17AEA6003564FB /* AlbumNaviTitileButton.swift */; };
		634178722B1039950098201D /* UserDefaults+State.swift in Sources */ = {isa = PBXBuildFile; fileRef = 634178712B1039950098201D /* UserDefaults+State.swift */; };
		634178762B103B5E0098201D /* AuthCredentail.swift in Sources */ = {isa = PBXBuildFile; fileRef = 634178752B103B5E0098201D /* AuthCredentail.swift */; };
		634178782B10413E0098201D /* BaseInterceptor.swift in Sources */ = {isa = PBXBuildFile; fileRef = 634178772B10413E0098201D /* BaseInterceptor.swift */; };
		6365395B2B0E4447000C41C5 /* CameraCapureBindings.swift in Sources */ = {isa = PBXBuildFile; fileRef = 6365395A2B0E4447000C41C5 /* CameraCapureBindings.swift */; };
		636954002B27E8B6002138B3 /* ProfileEditView.swift in Sources */ = {isa = PBXBuildFile; fileRef = 636953FF2B27E8B6002138B3 /* ProfileEditView.swift */; };
		636954052B28664A002138B3 /* ProfileEditVM.swift in Sources */ = {isa = PBXBuildFile; fileRef = 636954042B28664A002138B3 /* ProfileEditVM.swift */; };
		636954072B2867F1002138B3 /* SingIn.swift in Sources */ = {isa = PBXBuildFile; fileRef = 636954062B2867F1002138B3 /* SingIn.swift */; };
		636954092B286897002138B3 /* Profile.swift in Sources */ = {isa = PBXBuildFile; fileRef = 636954082B286897002138B3 /* Profile.swift */; };
		6369540F2B286C1C002138B3 /* SingUpResponse.swift in Sources */ = {isa = PBXBuildFile; fileRef = 6369540E2B286C1C002138B3 /* SingUpResponse.swift */; };
		636954112B286E1D002138B3 /* PostResponse.swift in Sources */ = {isa = PBXBuildFile; fileRef = 636954102B286E1D002138B3 /* PostResponse.swift */; };
		636954132B286E4C002138B3 /* SignUpBody.swift in Sources */ = {isa = PBXBuildFile; fileRef = 636954122B286E4C002138B3 /* SignUpBody.swift */; };
		636954152B28772C002138B3 /* PostCheckResponse.swift in Sources */ = {isa = PBXBuildFile; fileRef = 636954142B28772C002138B3 /* PostCheckResponse.swift */; };
		636954182B287CC1002138B3 /* Comment.swift in Sources */ = {isa = PBXBuildFile; fileRef = 636954172B287CC1002138B3 /* Comment.swift */; };
		6369541A2B287D00002138B3 /* LikeResponse.swift in Sources */ = {isa = PBXBuildFile; fileRef = 636954192B287D00002138B3 /* LikeResponse.swift */; };
		6369541C2B287D68002138B3 /* FollowResponse.swift in Sources */ = {isa = PBXBuildFile; fileRef = 6369541B2B287D68002138B3 /* FollowResponse.swift */; };
		6369541F2B2880D6002138B3 /* User.swift in Sources */ = {isa = PBXBuildFile; fileRef = 6369541E2B2880D6002138B3 /* User.swift */; };
		636954222B288643002138B3 /* ProfileEditBody.swift in Sources */ = {isa = PBXBuildFile; fileRef = 636954212B288643002138B3 /* ProfileEditBody.swift */; };
		636954242B2886B3002138B3 /* ProfileResponse.swift in Sources */ = {isa = PBXBuildFile; fileRef = 636954232B2886B3002138B3 /* ProfileResponse.swift */; };
		636954262B2887EE002138B3 /* ProfileRouter.swift in Sources */ = {isa = PBXBuildFile; fileRef = 636954252B2887EE002138B3 /* ProfileRouter.swift */; };
		636954282B289048002138B3 /* NetworkService+Profile.swift in Sources */ = {isa = PBXBuildFile; fileRef = 636954272B289048002138B3 /* NetworkService+Profile.swift */; };
		6369542A2B289C5F002138B3 /* ProfileVM.swift in Sources */ = {isa = PBXBuildFile; fileRef = 636954292B289C5F002138B3 /* ProfileVM.swift */; };
		6369542C2B28A281002138B3 /* PresentModifier.swift in Sources */ = {isa = PBXBuildFile; fileRef = 6369542B2B28A281002138B3 /* PresentModifier.swift */; };
		636CFF802B0351EE00B03159 /* AppDelegate.swift in Sources */ = {isa = PBXBuildFile; fileRef = 636CFF7F2B0351EE00B03159 /* AppDelegate.swift */; };
		636CFF822B0351EE00B03159 /* SceneDelegate.swift in Sources */ = {isa = PBXBuildFile; fileRef = 636CFF812B0351EE00B03159 /* SceneDelegate.swift */; };
		636CFF842B0351EE00B03159 /* ViewController.swift in Sources */ = {isa = PBXBuildFile; fileRef = 636CFF832B0351EE00B03159 /* ViewController.swift */; };
		636CFF872B0351EE00B03159 /* Main.storyboard in Resources */ = {isa = PBXBuildFile; fileRef = 636CFF852B0351EE00B03159 /* Main.storyboard */; };
		636CFF892B0351EF00B03159 /* Assets.xcassets in Resources */ = {isa = PBXBuildFile; fileRef = 636CFF882B0351EF00B03159 /* Assets.xcassets */; };
		636CFF8C2B0351EF00B03159 /* LaunchScreen.storyboard in Resources */ = {isa = PBXBuildFile; fileRef = 636CFF8A2B0351EF00B03159 /* LaunchScreen.storyboard */; };
		636CFF982B03522800B03159 /* SnapKit in Frameworks */ = {isa = PBXBuildFile; productRef = 636CFF972B03522800B03159 /* SnapKit */; };
		636CFFA12B03523800B03159 /* RxCocoa in Frameworks */ = {isa = PBXBuildFile; productRef = 636CFFA02B03523800B03159 /* RxCocoa */; };
		636CFFA82B03525000B03159 /* Differentiator in Frameworks */ = {isa = PBXBuildFile; productRef = 636CFFA72B03525000B03159 /* Differentiator */; };
		636CFFAA2B03525000B03159 /* RxDataSources in Frameworks */ = {isa = PBXBuildFile; productRef = 636CFFA92B03525000B03159 /* RxDataSources */; };
		636CFFAE2B03528C00B03159 /* NetworkService.swift in Sources */ = {isa = PBXBuildFile; fileRef = 636CFFAD2B03528C00B03159 /* NetworkService.swift */; };
		636CFFB22B03535900B03159 /* AuthRouter.swift in Sources */ = {isa = PBXBuildFile; fileRef = 636CFFB12B03535900B03159 /* AuthRouter.swift */; };
		636CFFBD2B0357F000B03159 /* UserDetail.swift in Sources */ = {isa = PBXBuildFile; fileRef = 636CFFBC2B0357F000B03159 /* UserDetail.swift */; };
		636CFFBF2B035CA200B03159 /* PostRouter.swift in Sources */ = {isa = PBXBuildFile; fileRef = 636CFFBE2B035CA200B03159 /* PostRouter.swift */; };
		636CFFC12B035CD600B03159 /* App.swift in Sources */ = {isa = PBXBuildFile; fileRef = 636CFFC02B035CD600B03159 /* App.swift */; };
		636CFFC32B035D6800B03159 /* .gitignore in Resources */ = {isa = PBXBuildFile; fileRef = 636CFFC22B035D6800B03159 /* .gitignore */; };
		6373BF7D2B0F23BC006DE10C /* CreatingVC.swift in Sources */ = {isa = PBXBuildFile; fileRef = 6373BF7C2B0F23BC006DE10C /* CreatingVC.swift */; };
		637EEEC72B21BDD1007D54A3 /* NavItem.swift in Sources */ = {isa = PBXBuildFile; fileRef = 637EEEC62B21BDD1007D54A3 /* NavItem.swift */; };
		63839FEA2B1B2C27005C0499 /* PinInfoDataView.swift in Sources */ = {isa = PBXBuildFile; fileRef = 63839FE92B1B2C27005C0499 /* PinInfoDataView.swift */; };
		6383DC032B20A9670038639F /* AccountTopHeader.swift in Sources */ = {isa = PBXBuildFile; fileRef = 6383DC022B20A9670038639F /* AccountTopHeader.swift */; };
		6383DC052B20A9E30038639F /* AccountProfile.swift in Sources */ = {isa = PBXBuildFile; fileRef = 6383DC042B20A9E30038639F /* AccountProfile.swift */; };
		6383DC072B20AAA20038639F /* SectionTabView.swift in Sources */ = {isa = PBXBuildFile; fileRef = 6383DC062B20AAA20038639F /* SectionTabView.swift */; };
		638E10212B0B49D3006D27C0 /* TabVC.swift in Sources */ = {isa = PBXBuildFile; fileRef = 638E10202B0B49D3006D27C0 /* TabVC.swift */; };
		638E10252B0B5418006D27C0 /* ProfileVC.swift in Sources */ = {isa = PBXBuildFile; fileRef = 638E10242B0B5418006D27C0 /* ProfileVC.swift */; };
		638E10282B0B55EE006D27C0 /* SearchVC.swift in Sources */ = {isa = PBXBuildFile; fileRef = 638E10272B0B55EE006D27C0 /* SearchVC.swift */; };
		638E102A2B0B5CD8006D27C0 /* AppManager.swift in Sources */ = {isa = PBXBuildFile; fileRef = 638E10292B0B5CD8006D27C0 /* AppManager.swift */; };
		638F9C322B1B716E00A2AC26 /* PinInfoTextField.swift in Sources */ = {isa = PBXBuildFile; fileRef = 638F9C312B1B716E00A2AC26 /* PinInfoTextField.swift */; };
		638F9C342B1B71A100A2AC26 /* PinInfoListCell.swift in Sources */ = {isa = PBXBuildFile; fileRef = 638F9C332B1B71A100A2AC26 /* PinInfoListCell.swift */; };
		6390AF882B10A6FD00201BF1 /* MyAuthenticator.swift in Sources */ = {isa = PBXBuildFile; fileRef = 6390AF872B10A6FD00201BF1 /* MyAuthenticator.swift */; };
		6390AF8B2B10AE1D00201BF1 /* TokenResponse.swift in Sources */ = {isa = PBXBuildFile; fileRef = 6390AF8A2B10AE1D00201BF1 /* TokenResponse.swift */; };
		6390AF8F2B10B50B00201BF1 /* OnboardingVC.swift in Sources */ = {isa = PBXBuildFile; fileRef = 6390AF8E2B10B50B00201BF1 /* OnboardingVC.swift */; };
		6390AF912B10B82E00201BF1 /* ButtonAnimations.swift in Sources */ = {isa = PBXBuildFile; fileRef = 6390AF902B10B82E00201BF1 /* ButtonAnimations.swift */; };
		6390AF942B10C6F900201BF1 /* OnboardingVM.swift in Sources */ = {isa = PBXBuildFile; fileRef = 6390AF932B10C6F900201BF1 /* OnboardingVM.swift */; };
		6390AF972B11069000201BF1 /* OnboardSignIn.swift in Sources */ = {isa = PBXBuildFile; fileRef = 6390AF962B11069000201BF1 /* OnboardSignIn.swift */; };
		6390AF992B1109D500201BF1 /* SignInVM.swift in Sources */ = {isa = PBXBuildFile; fileRef = 6390AF982B1109D500201BF1 /* SignInVM.swift */; };
		6390AF9B2B110CA700201BF1 /* NewworkService+Auth.swift in Sources */ = {isa = PBXBuildFile; fileRef = 6390AF9A2B110CA700201BF1 /* NewworkService+Auth.swift */; };
		6390AF9E2B110D6100201BF1 /* SignInRespone.swift in Sources */ = {isa = PBXBuildFile; fileRef = 6390AF9D2B110D6100201BF1 /* SignInRespone.swift */; };
		6398ADBE2B18BCB6003D6182 /* PhotoCollection.swift in Sources */ = {isa = PBXBuildFile; fileRef = 6398ADBD2B18BCB6003D6182 /* PhotoCollection.swift */; };
		6398ADC02B18BEBD003D6182 /* PhotoAssetCollection.swift in Sources */ = {isa = PBXBuildFile; fileRef = 6398ADBF2B18BEBD003D6182 /* PhotoAssetCollection.swift */; };
		6398ADC22B18BEDE003D6182 /* PhotoAsset.swift in Sources */ = {isa = PBXBuildFile; fileRef = 6398ADC12B18BEDE003D6182 /* PhotoAsset.swift */; };
		6398ADC42B18CB50003D6182 /* CachedImageManager.swift in Sources */ = {isa = PBXBuildFile; fileRef = 6398ADC32B18CB50003D6182 /* CachedImageManager.swift */; };
		6398ADC62B18E6A4003D6182 /* CreatingPinVC+DataSource.swift in Sources */ = {isa = PBXBuildFile; fileRef = 6398ADC52B18E6A4003D6182 /* CreatingPinVC+DataSource.swift */; };
		6398ADC82B18E885003D6182 /* CreatingPinVM.swift in Sources */ = {isa = PBXBuildFile; fileRef = 6398ADC72B18E885003D6182 /* CreatingPinVM.swift */; };
		639960722B2056B500C63987 /* PinView.swift in Sources */ = {isa = PBXBuildFile; fileRef = 639960712B2056B500C63987 /* PinView.swift */; };
		639960742B2056FA00C63987 /* PinProfileBanner.swift in Sources */ = {isa = PBXBuildFile; fileRef = 639960732B2056FA00C63987 /* PinProfileBanner.swift */; };
		639960762B2057FE00C63987 /* PinBottom.swift in Sources */ = {isa = PBXBuildFile; fileRef = 639960752B2057FE00C63987 /* PinBottom.swift */; };
		639B99E92B21553B00FB3B17 /* SettingView.swift in Sources */ = {isa = PBXBuildFile; fileRef = 639B99E82B21553B00FB3B17 /* SettingView.swift */; };
		639F29EA2B1A378800A0C4E9 /* AlbumSelectorView.swift in Sources */ = {isa = PBXBuildFile; fileRef = 639F29E92B1A378800A0C4E9 /* AlbumSelectorView.swift */; };
		63A178E92B0CD2EE00A16A2C /* UIView+Extensions.swift in Sources */ = {isa = PBXBuildFile; fileRef = 63A178E82B0CD2EE00A16A2C /* UIView+Extensions.swift */; };
		63A178EB2B0CD30A00A16A2C /* IndexViewController.swift in Sources */ = {isa = PBXBuildFile; fileRef = 63A178EA2B0CD30A00A16A2C /* IndexViewController.swift */; };
		63A178EE2B0CD7E600A16A2C /* UploadVC.swift in Sources */ = {isa = PBXBuildFile; fileRef = 63A178ED2B0CD7E600A16A2C /* UploadVC.swift */; };
		63A178F12B0CDEE900A16A2C /* Camera.swift in Sources */ = {isa = PBXBuildFile; fileRef = 63A178F02B0CDEE900A16A2C /* Camera.swift */; };
		63A178F32B0CE4E800A16A2C /* CameraService.swift in Sources */ = {isa = PBXBuildFile; fileRef = 63A178F22B0CE4E800A16A2C /* CameraService.swift */; };
		63A178F62B0CF1A200A16A2C /* CIImage+Extensions.swift in Sources */ = {isa = PBXBuildFile; fileRef = 63A178F52B0CF1A200A16A2C /* CIImage+Extensions.swift */; };
		63A178F92B0CF3FE00A16A2C /* UploadVM.swift in Sources */ = {isa = PBXBuildFile; fileRef = 63A178F82B0CF3FE00A16A2C /* UploadVM.swift */; };
		63A178FB2B0CF90900A16A2C /* CameraCaptureView.swift in Sources */ = {isa = PBXBuildFile; fileRef = 63A178FA2B0CF90900A16A2C /* CameraCaptureView.swift */; };
		63A178FD2B0CF92800A16A2C /* VideoUploadView.swift in Sources */ = {isa = PBXBuildFile; fileRef = 63A178FC2B0CF92800A16A2C /* VideoUploadView.swift */; };
		63A178FF2B0D054000A16A2C /* BaseView.swift in Sources */ = {isa = PBXBuildFile; fileRef = 63A178FE2B0D054000A16A2C /* BaseView.swift */; };
		63A179032B0D110E00A16A2C /* VideoUploadVM.swift in Sources */ = {isa = PBXBuildFile; fileRef = 63A179022B0D110E00A16A2C /* VideoUploadVM.swift */; };
		63A179052B0D111A00A16A2C /* CameraCaptureVM.swift in Sources */ = {isa = PBXBuildFile; fileRef = 63A179042B0D111A00A16A2C /* CameraCaptureVM.swift */; };
		63ABE8792B246969000D41D7 /* CreatingBoardVC.swift in Sources */ = {isa = PBXBuildFile; fileRef = 63ABE8782B246969000D41D7 /* CreatingBoardVC.swift */; };
		63ABE87C2B247BF9000D41D7 /* BoardTitleView.swift in Sources */ = {isa = PBXBuildFile; fileRef = 63ABE87B2B247BF9000D41D7 /* BoardTitleView.swift */; };
		63ABE87E2B247C1F000D41D7 /* PrivacyView.swift in Sources */ = {isa = PBXBuildFile; fileRef = 63ABE87D2B247C1F000D41D7 /* PrivacyView.swift */; };
		63AC040A2B036EBF0067BAEA /* SignUpVC.swift in Sources */ = {isa = PBXBuildFile; fileRef = 63AC04092B036EBF0067BAEA /* SignUpVC.swift */; };
		63AC040D2B036EDB0067BAEA /* BaseVC.swift in Sources */ = {isa = PBXBuildFile; fileRef = 63AC040C2B036EDB0067BAEA /* BaseVC.swift */; };
		63AC040F2B0370A00067BAEA /* SignUpVM.swift in Sources */ = {isa = PBXBuildFile; fileRef = 63AC040E2B0370A00067BAEA /* SignUpVM.swift */; };
		63AC04122B038B1A0067BAEA /* Alamofire in Frameworks */ = {isa = PBXBuildFile; productRef = 63AC04112B038B1A0067BAEA /* Alamofire */; };
		63B7B2B42B15BF3800A991F4 /* PWEnterVC.swift in Sources */ = {isa = PBXBuildFile; fileRef = 63B7B2B32B15BF3800A991F4 /* PWEnterVC.swift */; };
		63B7B2B72B15C38500A991F4 /* NickNameVC.swift in Sources */ = {isa = PBXBuildFile; fileRef = 63B7B2B62B15C38500A991F4 /* NickNameVC.swift */; };
		63B7B2B92B15C4B500A991F4 /* OptionEnterVC.swift in Sources */ = {isa = PBXBuildFile; fileRef = 63B7B2B82B15C4B500A991F4 /* OptionEnterVC.swift */; };
		63C1046F2B2019D2007A7991 /* ButtonModifiers.swift in Sources */ = {isa = PBXBuildFile; fileRef = 63C1046E2B2019D2007A7991 /* ButtonModifiers.swift */; };
		63C49C822B24B28A0067102B /* CreatingBoardVM.swift in Sources */ = {isa = PBXBuildFile; fileRef = 63C49C812B24B28A0067102B /* CreatingBoardVM.swift */; };
		63C49C842B24B6F40067102B /* Post.swift in Sources */ = {isa = PBXBuildFile; fileRef = 63C49C832B24B6F40067102B /* Post.swift */; };
		63C49C862B24DBF60067102B /* PostInterceptor.swift in Sources */ = {isa = PBXBuildFile; fileRef = 63C49C852B24DBF60067102B /* PostInterceptor.swift */; };
		63E92A962B0F2D1B00CBEB2F /* CreatingVM.swift in Sources */ = {isa = PBXBuildFile; fileRef = 63E92A952B0F2D1B00CBEB2F /* CreatingVM.swift */; };
		63E92A9A2B0F2FFA00CBEB2F /* TabVC+ViewSetting.swift in Sources */ = {isa = PBXBuildFile; fileRef = 63E92A992B0F2FFA00CBEB2F /* TabVC+ViewSetting.swift */; };
		63E92AA22B0F3A2900CBEB2F /* AlbumItem.swift in Sources */ = {isa = PBXBuildFile; fileRef = 63E92AA12B0F3A2900CBEB2F /* AlbumItem.swift */; };
		63E92AA72B0F46D600CBEB2F /* CacheService.swift in Sources */ = {isa = PBXBuildFile; fileRef = 63E92AA62B0F46D600CBEB2F /* CacheService.swift */; };
		63E92AA92B0F47C500CBEB2F /* CacheService+Image.swift in Sources */ = {isa = PBXBuildFile; fileRef = 63E92AA82B0F47C500CBEB2F /* CacheService+Image.swift */; };
		63E92AAB2B0F49D500CBEB2F /* CGImage+Extensions.swift in Sources */ = {isa = PBXBuildFile; fileRef = 63E92AAA2B0F49D500CBEB2F /* CGImage+Extensions.swift */; };
		63E92AAE2B0F5C7200CBEB2F /* Collections in Frameworks */ = {isa = PBXBuildFile; productRef = 63E92AAD2B0F5C7200CBEB2F /* Collections */; };
		63E92AB02B0F5C7200CBEB2F /* DequeModule in Frameworks */ = {isa = PBXBuildFile; productRef = 63E92AAF2B0F5C7200CBEB2F /* DequeModule */; };
		63E92AB22B0F5C7200CBEB2F /* OrderedCollections in Frameworks */ = {isa = PBXBuildFile; productRef = 63E92AB12B0F5C7200CBEB2F /* OrderedCollections */; };
		63E92AB52B0F6E4600CBEB2F /* PinPost.swift in Sources */ = {isa = PBXBuildFile; fileRef = 63E92AB42B0F6E4600CBEB2F /* PinPost.swift */; };
		63F4F2AA2B14988E00CE4E92 /* EmailInput.swift in Sources */ = {isa = PBXBuildFile; fileRef = 63F4F2A92B14988E00CE4E92 /* EmailInput.swift */; };
		63F4F2AC2B1498D100CE4E92 /* PasswordInput.swift in Sources */ = {isa = PBXBuildFile; fileRef = 63F4F2AB2B1498D100CE4E92 /* PasswordInput.swift */; };
		63F4F2AE2B1498F200CE4E92 /* TextInputBindings.swift in Sources */ = {isa = PBXBuildFile; fileRef = 63F4F2AD2B1498F200CE4E92 /* TextInputBindings.swift */; };
		63F4F2B02B14AC0A00CE4E92 /* LogInBtn.swift in Sources */ = {isa = PBXBuildFile; fileRef = 63F4F2AF2B14AC0A00CE4E92 /* LogInBtn.swift */; };
		63F4F2B22B14D64F00CE4E92 /* EmailEnterVC.swift in Sources */ = {isa = PBXBuildFile; fileRef = 63F4F2B12B14D64F00CE4E92 /* EmailEnterVC.swift */; };
		63F4F2B42B14DD0700CE4E92 /* UICollectionView+Extensions.swift in Sources */ = {isa = PBXBuildFile; fileRef = 63F4F2B32B14DD0700CE4E92 /* UICollectionView+Extensions.swift */; };
		63F4F2B62B14E60400CE4E92 /* SignUpCollectionModel.swift in Sources */ = {isa = PBXBuildFile; fileRef = 63F4F2B52B14E60400CE4E92 /* SignUpCollectionModel.swift */; };
/* End PBXBuildFile section */

/* Begin PBXFileReference section */
		630AD5BF2B196CBC00C2FE79 /* MethosSwizzleVC.swift */ = {isa = PBXFileReference; lastKnownFileType = sourcecode.swift; path = MethosSwizzleVC.swift; sourceTree = "<group>"; };
		63121C832B19ADBD00A22666 /* AnyModelStore.swift */ = {isa = PBXFileReference; lastKnownFileType = sourcecode.swift; path = AnyModelStore.swift; sourceTree = "<group>"; };
		63121C852B19E0D000A22666 /* PinBottomView.swift */ = {isa = PBXFileReference; lastKnownFileType = sourcecode.swift; path = PinBottomView.swift; sourceTree = "<group>"; };
		63121C882B19EF7700A22666 /* PinCreatingBottomView.swift */ = {isa = PBXFileReference; lastKnownFileType = sourcecode.swift; path = PinCreatingBottomView.swift; sourceTree = "<group>"; };
		63121C8A2B19EFC700A22666 /* BottomImageCell.swift */ = {isa = PBXFileReference; lastKnownFileType = sourcecode.swift; path = BottomImageCell.swift; sourceTree = "<group>"; };
		63121C8C2B19EFFE00A22666 /* PinCreatingBottomView+DS.swift */ = {isa = PBXFileReference; lastKnownFileType = sourcecode.swift; path = "PinCreatingBottomView+DS.swift"; sourceTree = "<group>"; };
		63121C8F2B19F17D00A22666 /* PinInfoVC.swift */ = {isa = PBXFileReference; lastKnownFileType = sourcecode.swift; path = PinInfoVC.swift; sourceTree = "<group>"; };
		63121C912B1A057500A22666 /* PinInfoTitleView.swift */ = {isa = PBXFileReference; lastKnownFileType = sourcecode.swift; path = PinInfoTitleView.swift; sourceTree = "<group>"; };
		63121C932B1A06D500A22666 /* CreatingPinInfoVM.swift */ = {isa = PBXFileReference; lastKnownFileType = sourcecode.swift; path = CreatingPinInfoVM.swift; sourceTree = "<group>"; };
		6325F24F2B230EF700AD0956 /* TaskCounter.swift */ = {isa = PBXFileReference; lastKnownFileType = sourcecode.swift; path = TaskCounter.swift; sourceTree = "<group>"; };
		6325F2512B231A5300AD0956 /* PinInfoBottomView.swift */ = {isa = PBXFileReference; lastKnownFileType = sourcecode.swift; path = PinInfoBottomView.swift; sourceTree = "<group>"; };
		6325F2532B23645500AD0956 /* UIImage+Extensions.swift */ = {isa = PBXFileReference; lastKnownFileType = sourcecode.swift; path = "UIImage+Extensions.swift"; sourceTree = "<group>"; };
		63282CD92B08BA29006E7771 /* FeedVC.swift */ = {isa = PBXFileReference; lastKnownFileType = sourcecode.swift; path = FeedVC.swift; sourceTree = "<group>"; };
		63282CDB2B08BA67006E7771 /* FeedVM.swift */ = {isa = PBXFileReference; lastKnownFileType = sourcecode.swift; path = FeedVM.swift; sourceTree = "<group>"; };
		632C3D602B2427350087D95A /* WrapperImageView.swift */ = {isa = PBXFileReference; lastKnownFileType = sourcecode.swift; path = WrapperImageView.swift; sourceTree = "<group>"; };
		632C3D632B2436BD0087D95A /* PinInfoBoardVC.swift */ = {isa = PBXFileReference; lastKnownFileType = sourcecode.swift; path = PinInfoBoardVC.swift; sourceTree = "<group>"; };
		632C3D662B2439DA0087D95A /* PinInfoTagVC.swift */ = {isa = PBXFileReference; lastKnownFileType = sourcecode.swift; path = PinInfoTagVC.swift; sourceTree = "<group>"; };
		632C3D682B243E2D0087D95A /* PinInfoBoardBottom.swift */ = {isa = PBXFileReference; lastKnownFileType = sourcecode.swift; path = PinInfoBoardBottom.swift; sourceTree = "<group>"; };
		632C3D6A2B2443190087D95A /* PinInfoBoardVC+DS.swift */ = {isa = PBXFileReference; lastKnownFileType = sourcecode.swift; path = "PinInfoBoardVC+DS.swift"; sourceTree = "<group>"; };
		632C3D6C2B244FB90087D95A /* BoardPost.swift */ = {isa = PBXFileReference; lastKnownFileType = sourcecode.swift; path = BoardPost.swift; sourceTree = "<group>"; };
		632C3D6E2B2451110087D95A /* PinInfoBoardVC+CollectionView.swift */ = {isa = PBXFileReference; lastKnownFileType = sourcecode.swift; path = "PinInfoBoardVC+CollectionView.swift"; sourceTree = "<group>"; };
		633CE8E32B21B34300C63D6E /* NavigationModifiers.swift */ = {isa = PBXFileReference; lastKnownFileType = sourcecode.swift; path = NavigationModifiers.swift; sourceTree = "<group>"; };
		633F61BA2B2743780059ECFF /* ReSignInVC.swift */ = {isa = PBXFileReference; lastKnownFileType = sourcecode.swift; path = ReSignInVC.swift; sourceTree = "<group>"; };
		633F61BD2B2747DE0059ECFF /* SignIn.swift */ = {isa = PBXFileReference; lastKnownFileType = sourcecode.swift; path = SignIn.swift; sourceTree = "<group>"; };
		633FF7762B172632003564FB /* CreatingPinVC.swift */ = {isa = PBXFileReference; lastKnownFileType = sourcecode.swift; path = CreatingPinVC.swift; sourceTree = "<group>"; };
		633FF7782B172BE1003564FB /* CreatingPinVC+CollectionView.swift */ = {isa = PBXFileReference; lastKnownFileType = sourcecode.swift; path = "CreatingPinVC+CollectionView.swift"; sourceTree = "<group>"; };
		633FF77A2B172CD1003564FB /* CreatingPinMainCell.swift */ = {isa = PBXFileReference; lastKnownFileType = sourcecode.swift; path = CreatingPinMainCell.swift; sourceTree = "<group>"; };
		633FF77F2B1759DD003564FB /* DiscoverView.swift */ = {isa = PBXFileReference; lastKnownFileType = sourcecode.swift; path = DiscoverView.swift; sourceTree = "<group>"; };
		633FF7812B175A58003564FB /* BoardSectionView.swift */ = {isa = PBXFileReference; lastKnownFileType = sourcecode.swift; path = BoardSectionView.swift; sourceTree = "<group>"; };
		633FF7842B175BE0003564FB /* DiscoverVM.swift */ = {isa = PBXFileReference; lastKnownFileType = sourcecode.swift; path = DiscoverVM.swift; sourceTree = "<group>"; };
		633FF7862B175F40003564FB /* TopTabbar.swift */ = {isa = PBXFileReference; lastKnownFileType = sourcecode.swift; path = TopTabbar.swift; sourceTree = "<group>"; };
		633FF7892B17AEA6003564FB /* AlbumNaviTitileButton.swift */ = {isa = PBXFileReference; lastKnownFileType = sourcecode.swift; path = AlbumNaviTitileButton.swift; sourceTree = "<group>"; };
		634178712B1039950098201D /* UserDefaults+State.swift */ = {isa = PBXFileReference; lastKnownFileType = sourcecode.swift; path = "UserDefaults+State.swift"; sourceTree = "<group>"; };
		634178752B103B5E0098201D /* AuthCredentail.swift */ = {isa = PBXFileReference; lastKnownFileType = sourcecode.swift; path = AuthCredentail.swift; sourceTree = "<group>"; };
		634178772B10413E0098201D /* BaseInterceptor.swift */ = {isa = PBXFileReference; lastKnownFileType = sourcecode.swift; path = BaseInterceptor.swift; sourceTree = "<group>"; };
		6365395A2B0E4447000C41C5 /* CameraCapureBindings.swift */ = {isa = PBXFileReference; lastKnownFileType = sourcecode.swift; path = CameraCapureBindings.swift; sourceTree = "<group>"; };
		636953FF2B27E8B6002138B3 /* ProfileEditView.swift */ = {isa = PBXFileReference; lastKnownFileType = sourcecode.swift; path = ProfileEditView.swift; sourceTree = "<group>"; };
		636954042B28664A002138B3 /* ProfileEditVM.swift */ = {isa = PBXFileReference; lastKnownFileType = sourcecode.swift; path = ProfileEditVM.swift; sourceTree = "<group>"; };
		636954062B2867F1002138B3 /* SingIn.swift */ = {isa = PBXFileReference; lastKnownFileType = sourcecode.swift; path = SingIn.swift; sourceTree = "<group>"; };
		636954082B286897002138B3 /* Profile.swift */ = {isa = PBXFileReference; lastKnownFileType = sourcecode.swift; path = Profile.swift; sourceTree = "<group>"; };
		6369540E2B286C1C002138B3 /* SingUpResponse.swift */ = {isa = PBXFileReference; lastKnownFileType = sourcecode.swift; path = SingUpResponse.swift; sourceTree = "<group>"; };
		636954102B286E1D002138B3 /* PostResponse.swift */ = {isa = PBXFileReference; lastKnownFileType = sourcecode.swift; path = PostResponse.swift; sourceTree = "<group>"; };
		636954122B286E4C002138B3 /* SignUpBody.swift */ = {isa = PBXFileReference; lastKnownFileType = sourcecode.swift; path = SignUpBody.swift; sourceTree = "<group>"; };
		636954142B28772C002138B3 /* PostCheckResponse.swift */ = {isa = PBXFileReference; lastKnownFileType = sourcecode.swift; path = PostCheckResponse.swift; sourceTree = "<group>"; };
		636954172B287CC1002138B3 /* Comment.swift */ = {isa = PBXFileReference; lastKnownFileType = sourcecode.swift; path = Comment.swift; sourceTree = "<group>"; };
		636954192B287D00002138B3 /* LikeResponse.swift */ = {isa = PBXFileReference; lastKnownFileType = sourcecode.swift; path = LikeResponse.swift; sourceTree = "<group>"; };
		6369541B2B287D68002138B3 /* FollowResponse.swift */ = {isa = PBXFileReference; lastKnownFileType = sourcecode.swift; path = FollowResponse.swift; sourceTree = "<group>"; };
		6369541E2B2880D6002138B3 /* User.swift */ = {isa = PBXFileReference; lastKnownFileType = sourcecode.swift; path = User.swift; sourceTree = "<group>"; };
		636954212B288643002138B3 /* ProfileEditBody.swift */ = {isa = PBXFileReference; lastKnownFileType = sourcecode.swift; path = ProfileEditBody.swift; sourceTree = "<group>"; };
		636954232B2886B3002138B3 /* ProfileResponse.swift */ = {isa = PBXFileReference; lastKnownFileType = sourcecode.swift; path = ProfileResponse.swift; sourceTree = "<group>"; };
		636954252B2887EE002138B3 /* ProfileRouter.swift */ = {isa = PBXFileReference; lastKnownFileType = sourcecode.swift; path = ProfileRouter.swift; sourceTree = "<group>"; };
		636954272B289048002138B3 /* NetworkService+Profile.swift */ = {isa = PBXFileReference; lastKnownFileType = sourcecode.swift; path = "NetworkService+Profile.swift"; sourceTree = "<group>"; };
		636954292B289C5F002138B3 /* ProfileVM.swift */ = {isa = PBXFileReference; lastKnownFileType = sourcecode.swift; path = ProfileVM.swift; sourceTree = "<group>"; };
		6369542B2B28A281002138B3 /* PresentModifier.swift */ = {isa = PBXFileReference; lastKnownFileType = sourcecode.swift; path = PresentModifier.swift; sourceTree = "<group>"; };
		636CFF7C2B0351EE00B03159 /* lslpProject.app */ = {isa = PBXFileReference; explicitFileType = wrapper.application; includeInIndex = 0; path = lslpProject.app; sourceTree = BUILT_PRODUCTS_DIR; };
		636CFF7F2B0351EE00B03159 /* AppDelegate.swift */ = {isa = PBXFileReference; lastKnownFileType = sourcecode.swift; path = AppDelegate.swift; sourceTree = "<group>"; };
		636CFF812B0351EE00B03159 /* SceneDelegate.swift */ = {isa = PBXFileReference; lastKnownFileType = sourcecode.swift; path = SceneDelegate.swift; sourceTree = "<group>"; };
		636CFF832B0351EE00B03159 /* ViewController.swift */ = {isa = PBXFileReference; lastKnownFileType = sourcecode.swift; path = ViewController.swift; sourceTree = "<group>"; };
		636CFF862B0351EE00B03159 /* Base */ = {isa = PBXFileReference; lastKnownFileType = file.storyboard; name = Base; path = Base.lproj/Main.storyboard; sourceTree = "<group>"; };
		636CFF882B0351EF00B03159 /* Assets.xcassets */ = {isa = PBXFileReference; lastKnownFileType = folder.assetcatalog; path = Assets.xcassets; sourceTree = "<group>"; };
		636CFF8B2B0351EF00B03159 /* Base */ = {isa = PBXFileReference; lastKnownFileType = file.storyboard; name = Base; path = Base.lproj/LaunchScreen.storyboard; sourceTree = "<group>"; };
		636CFF8D2B0351EF00B03159 /* Info.plist */ = {isa = PBXFileReference; lastKnownFileType = text.plist.xml; path = Info.plist; sourceTree = "<group>"; };
		636CFFAD2B03528C00B03159 /* NetworkService.swift */ = {isa = PBXFileReference; lastKnownFileType = sourcecode.swift; path = NetworkService.swift; sourceTree = "<group>"; };
		636CFFB12B03535900B03159 /* AuthRouter.swift */ = {isa = PBXFileReference; lastKnownFileType = sourcecode.swift; path = AuthRouter.swift; sourceTree = "<group>"; };
		636CFFBC2B0357F000B03159 /* UserDetail.swift */ = {isa = PBXFileReference; lastKnownFileType = sourcecode.swift; path = UserDetail.swift; sourceTree = "<group>"; };
		636CFFBE2B035CA200B03159 /* PostRouter.swift */ = {isa = PBXFileReference; lastKnownFileType = sourcecode.swift; path = PostRouter.swift; sourceTree = "<group>"; };
		636CFFC02B035CD600B03159 /* App.swift */ = {isa = PBXFileReference; lastKnownFileType = sourcecode.swift; path = App.swift; sourceTree = "<group>"; };
		636CFFC22B035D6800B03159 /* .gitignore */ = {isa = PBXFileReference; lastKnownFileType = text; path = .gitignore; sourceTree = "<group>"; };
		6373BF7C2B0F23BC006DE10C /* CreatingVC.swift */ = {isa = PBXFileReference; lastKnownFileType = sourcecode.swift; path = CreatingVC.swift; sourceTree = "<group>"; };
		637EEEC62B21BDD1007D54A3 /* NavItem.swift */ = {isa = PBXFileReference; lastKnownFileType = sourcecode.swift; path = NavItem.swift; sourceTree = "<group>"; };
		63839FE92B1B2C27005C0499 /* PinInfoDataView.swift */ = {isa = PBXFileReference; lastKnownFileType = sourcecode.swift; path = PinInfoDataView.swift; sourceTree = "<group>"; };
		6383DC022B20A9670038639F /* AccountTopHeader.swift */ = {isa = PBXFileReference; lastKnownFileType = sourcecode.swift; path = AccountTopHeader.swift; sourceTree = "<group>"; };
		6383DC042B20A9E30038639F /* AccountProfile.swift */ = {isa = PBXFileReference; lastKnownFileType = sourcecode.swift; path = AccountProfile.swift; sourceTree = "<group>"; };
		6383DC062B20AAA20038639F /* SectionTabView.swift */ = {isa = PBXFileReference; lastKnownFileType = sourcecode.swift; path = SectionTabView.swift; sourceTree = "<group>"; };
		638E10202B0B49D3006D27C0 /* TabVC.swift */ = {isa = PBXFileReference; lastKnownFileType = sourcecode.swift; path = TabVC.swift; sourceTree = "<group>"; };
		638E10242B0B5418006D27C0 /* ProfileVC.swift */ = {isa = PBXFileReference; lastKnownFileType = sourcecode.swift; path = ProfileVC.swift; sourceTree = "<group>"; };
		638E10272B0B55EE006D27C0 /* SearchVC.swift */ = {isa = PBXFileReference; lastKnownFileType = sourcecode.swift; path = SearchVC.swift; sourceTree = "<group>"; };
		638E10292B0B5CD8006D27C0 /* AppManager.swift */ = {isa = PBXFileReference; lastKnownFileType = sourcecode.swift; path = AppManager.swift; sourceTree = "<group>"; };
		638F9C312B1B716E00A2AC26 /* PinInfoTextField.swift */ = {isa = PBXFileReference; lastKnownFileType = sourcecode.swift; path = PinInfoTextField.swift; sourceTree = "<group>"; };
		638F9C332B1B71A100A2AC26 /* PinInfoListCell.swift */ = {isa = PBXFileReference; lastKnownFileType = sourcecode.swift; path = PinInfoListCell.swift; sourceTree = "<group>"; };
		6390AF872B10A6FD00201BF1 /* MyAuthenticator.swift */ = {isa = PBXFileReference; lastKnownFileType = sourcecode.swift; path = MyAuthenticator.swift; sourceTree = "<group>"; };
		6390AF8A2B10AE1D00201BF1 /* TokenResponse.swift */ = {isa = PBXFileReference; lastKnownFileType = sourcecode.swift; path = TokenResponse.swift; sourceTree = "<group>"; };
		6390AF8E2B10B50B00201BF1 /* OnboardingVC.swift */ = {isa = PBXFileReference; lastKnownFileType = sourcecode.swift; path = OnboardingVC.swift; sourceTree = "<group>"; };
		6390AF902B10B82E00201BF1 /* ButtonAnimations.swift */ = {isa = PBXFileReference; lastKnownFileType = sourcecode.swift; path = ButtonAnimations.swift; sourceTree = "<group>"; };
		6390AF932B10C6F900201BF1 /* OnboardingVM.swift */ = {isa = PBXFileReference; lastKnownFileType = sourcecode.swift; path = OnboardingVM.swift; sourceTree = "<group>"; };
		6390AF962B11069000201BF1 /* OnboardSignIn.swift */ = {isa = PBXFileReference; lastKnownFileType = sourcecode.swift; path = OnboardSignIn.swift; sourceTree = "<group>"; };
		6390AF982B1109D500201BF1 /* SignInVM.swift */ = {isa = PBXFileReference; lastKnownFileType = sourcecode.swift; path = SignInVM.swift; sourceTree = "<group>"; };
		6390AF9A2B110CA700201BF1 /* NewworkService+Auth.swift */ = {isa = PBXFileReference; lastKnownFileType = sourcecode.swift; path = "NewworkService+Auth.swift"; sourceTree = "<group>"; };
		6390AF9D2B110D6100201BF1 /* SignInRespone.swift */ = {isa = PBXFileReference; lastKnownFileType = sourcecode.swift; path = SignInRespone.swift; sourceTree = "<group>"; };
		6398ADBD2B18BCB6003D6182 /* PhotoCollection.swift */ = {isa = PBXFileReference; lastKnownFileType = sourcecode.swift; path = PhotoCollection.swift; sourceTree = "<group>"; };
		6398ADBF2B18BEBD003D6182 /* PhotoAssetCollection.swift */ = {isa = PBXFileReference; lastKnownFileType = sourcecode.swift; path = PhotoAssetCollection.swift; sourceTree = "<group>"; };
		6398ADC12B18BEDE003D6182 /* PhotoAsset.swift */ = {isa = PBXFileReference; lastKnownFileType = sourcecode.swift; path = PhotoAsset.swift; sourceTree = "<group>"; };
		6398ADC32B18CB50003D6182 /* CachedImageManager.swift */ = {isa = PBXFileReference; lastKnownFileType = sourcecode.swift; path = CachedImageManager.swift; sourceTree = "<group>"; };
		6398ADC52B18E6A4003D6182 /* CreatingPinVC+DataSource.swift */ = {isa = PBXFileReference; lastKnownFileType = sourcecode.swift; path = "CreatingPinVC+DataSource.swift"; sourceTree = "<group>"; };
		6398ADC72B18E885003D6182 /* CreatingPinVM.swift */ = {isa = PBXFileReference; lastKnownFileType = sourcecode.swift; path = CreatingPinVM.swift; sourceTree = "<group>"; };
		639960712B2056B500C63987 /* PinView.swift */ = {isa = PBXFileReference; lastKnownFileType = sourcecode.swift; path = PinView.swift; sourceTree = "<group>"; };
		639960732B2056FA00C63987 /* PinProfileBanner.swift */ = {isa = PBXFileReference; lastKnownFileType = sourcecode.swift; path = PinProfileBanner.swift; sourceTree = "<group>"; };
		639960752B2057FE00C63987 /* PinBottom.swift */ = {isa = PBXFileReference; lastKnownFileType = sourcecode.swift; path = PinBottom.swift; sourceTree = "<group>"; };
		639B99E82B21553B00FB3B17 /* SettingView.swift */ = {isa = PBXFileReference; lastKnownFileType = sourcecode.swift; path = SettingView.swift; sourceTree = "<group>"; };
		639F29E92B1A378800A0C4E9 /* AlbumSelectorView.swift */ = {isa = PBXFileReference; lastKnownFileType = sourcecode.swift; path = AlbumSelectorView.swift; sourceTree = "<group>"; };
		63A178E82B0CD2EE00A16A2C /* UIView+Extensions.swift */ = {isa = PBXFileReference; lastKnownFileType = sourcecode.swift; path = "UIView+Extensions.swift"; sourceTree = "<group>"; };
		63A178EA2B0CD30A00A16A2C /* IndexViewController.swift */ = {isa = PBXFileReference; lastKnownFileType = sourcecode.swift; path = IndexViewController.swift; sourceTree = "<group>"; };
		63A178ED2B0CD7E600A16A2C /* UploadVC.swift */ = {isa = PBXFileReference; lastKnownFileType = sourcecode.swift; path = UploadVC.swift; sourceTree = "<group>"; };
		63A178F02B0CDEE900A16A2C /* Camera.swift */ = {isa = PBXFileReference; lastKnownFileType = sourcecode.swift; path = Camera.swift; sourceTree = "<group>"; };
		63A178F22B0CE4E800A16A2C /* CameraService.swift */ = {isa = PBXFileReference; lastKnownFileType = sourcecode.swift; path = CameraService.swift; sourceTree = "<group>"; };
		63A178F52B0CF1A200A16A2C /* CIImage+Extensions.swift */ = {isa = PBXFileReference; lastKnownFileType = sourcecode.swift; path = "CIImage+Extensions.swift"; sourceTree = "<group>"; };
		63A178F82B0CF3FE00A16A2C /* UploadVM.swift */ = {isa = PBXFileReference; lastKnownFileType = sourcecode.swift; path = UploadVM.swift; sourceTree = "<group>"; };
		63A178FA2B0CF90900A16A2C /* CameraCaptureView.swift */ = {isa = PBXFileReference; lastKnownFileType = sourcecode.swift; path = CameraCaptureView.swift; sourceTree = "<group>"; };
		63A178FC2B0CF92800A16A2C /* VideoUploadView.swift */ = {isa = PBXFileReference; lastKnownFileType = sourcecode.swift; path = VideoUploadView.swift; sourceTree = "<group>"; };
		63A178FE2B0D054000A16A2C /* BaseView.swift */ = {isa = PBXFileReference; lastKnownFileType = sourcecode.swift; path = BaseView.swift; sourceTree = "<group>"; };
		63A179022B0D110E00A16A2C /* VideoUploadVM.swift */ = {isa = PBXFileReference; lastKnownFileType = sourcecode.swift; path = VideoUploadVM.swift; sourceTree = "<group>"; };
		63A179042B0D111A00A16A2C /* CameraCaptureVM.swift */ = {isa = PBXFileReference; lastKnownFileType = sourcecode.swift; path = CameraCaptureVM.swift; sourceTree = "<group>"; };
		63ABE8782B246969000D41D7 /* CreatingBoardVC.swift */ = {isa = PBXFileReference; lastKnownFileType = sourcecode.swift; path = CreatingBoardVC.swift; sourceTree = "<group>"; };
		63ABE87B2B247BF9000D41D7 /* BoardTitleView.swift */ = {isa = PBXFileReference; lastKnownFileType = sourcecode.swift; path = BoardTitleView.swift; sourceTree = "<group>"; };
		63ABE87D2B247C1F000D41D7 /* PrivacyView.swift */ = {isa = PBXFileReference; lastKnownFileType = sourcecode.swift; path = PrivacyView.swift; sourceTree = "<group>"; };
		63AC04092B036EBF0067BAEA /* SignUpVC.swift */ = {isa = PBXFileReference; lastKnownFileType = sourcecode.swift; path = SignUpVC.swift; sourceTree = "<group>"; };
		63AC040C2B036EDB0067BAEA /* BaseVC.swift */ = {isa = PBXFileReference; lastKnownFileType = sourcecode.swift; path = BaseVC.swift; sourceTree = "<group>"; };
		63AC040E2B0370A00067BAEA /* SignUpVM.swift */ = {isa = PBXFileReference; lastKnownFileType = sourcecode.swift; path = SignUpVM.swift; sourceTree = "<group>"; };
		63B7B2B32B15BF3800A991F4 /* PWEnterVC.swift */ = {isa = PBXFileReference; lastKnownFileType = sourcecode.swift; path = PWEnterVC.swift; sourceTree = "<group>"; };
		63B7B2B62B15C38500A991F4 /* NickNameVC.swift */ = {isa = PBXFileReference; lastKnownFileType = sourcecode.swift; path = NickNameVC.swift; sourceTree = "<group>"; };
		63B7B2B82B15C4B500A991F4 /* OptionEnterVC.swift */ = {isa = PBXFileReference; lastKnownFileType = sourcecode.swift; path = OptionEnterVC.swift; sourceTree = "<group>"; };
		63C1046E2B2019D2007A7991 /* ButtonModifiers.swift */ = {isa = PBXFileReference; lastKnownFileType = sourcecode.swift; path = ButtonModifiers.swift; sourceTree = "<group>"; };
		63C49C812B24B28A0067102B /* CreatingBoardVM.swift */ = {isa = PBXFileReference; lastKnownFileType = sourcecode.swift; path = CreatingBoardVM.swift; sourceTree = "<group>"; };
		63C49C832B24B6F40067102B /* Post.swift */ = {isa = PBXFileReference; lastKnownFileType = sourcecode.swift; path = Post.swift; sourceTree = "<group>"; };
		63C49C852B24DBF60067102B /* PostInterceptor.swift */ = {isa = PBXFileReference; lastKnownFileType = sourcecode.swift; path = PostInterceptor.swift; sourceTree = "<group>"; };
		63E92A952B0F2D1B00CBEB2F /* CreatingVM.swift */ = {isa = PBXFileReference; lastKnownFileType = sourcecode.swift; path = CreatingVM.swift; sourceTree = "<group>"; };
		63E92A992B0F2FFA00CBEB2F /* TabVC+ViewSetting.swift */ = {isa = PBXFileReference; lastKnownFileType = sourcecode.swift; path = "TabVC+ViewSetting.swift"; sourceTree = "<group>"; };
		63E92AA12B0F3A2900CBEB2F /* AlbumItem.swift */ = {isa = PBXFileReference; lastKnownFileType = sourcecode.swift; path = AlbumItem.swift; sourceTree = "<group>"; };
		63E92AA62B0F46D600CBEB2F /* CacheService.swift */ = {isa = PBXFileReference; lastKnownFileType = sourcecode.swift; path = CacheService.swift; sourceTree = "<group>"; };
		63E92AA82B0F47C500CBEB2F /* CacheService+Image.swift */ = {isa = PBXFileReference; lastKnownFileType = sourcecode.swift; path = "CacheService+Image.swift"; sourceTree = "<group>"; };
		63E92AAA2B0F49D500CBEB2F /* CGImage+Extensions.swift */ = {isa = PBXFileReference; lastKnownFileType = sourcecode.swift; path = "CGImage+Extensions.swift"; sourceTree = "<group>"; };
		63E92AB42B0F6E4600CBEB2F /* PinPost.swift */ = {isa = PBXFileReference; lastKnownFileType = sourcecode.swift; path = PinPost.swift; sourceTree = "<group>"; };
		63F4F2A92B14988E00CE4E92 /* EmailInput.swift */ = {isa = PBXFileReference; lastKnownFileType = sourcecode.swift; path = EmailInput.swift; sourceTree = "<group>"; };
		63F4F2AB2B1498D100CE4E92 /* PasswordInput.swift */ = {isa = PBXFileReference; lastKnownFileType = sourcecode.swift; path = PasswordInput.swift; sourceTree = "<group>"; };
		63F4F2AD2B1498F200CE4E92 /* TextInputBindings.swift */ = {isa = PBXFileReference; lastKnownFileType = sourcecode.swift; path = TextInputBindings.swift; sourceTree = "<group>"; };
		63F4F2AF2B14AC0A00CE4E92 /* LogInBtn.swift */ = {isa = PBXFileReference; lastKnownFileType = sourcecode.swift; path = LogInBtn.swift; sourceTree = "<group>"; };
		63F4F2B12B14D64F00CE4E92 /* EmailEnterVC.swift */ = {isa = PBXFileReference; lastKnownFileType = sourcecode.swift; path = EmailEnterVC.swift; sourceTree = "<group>"; };
		63F4F2B32B14DD0700CE4E92 /* UICollectionView+Extensions.swift */ = {isa = PBXFileReference; lastKnownFileType = sourcecode.swift; path = "UICollectionView+Extensions.swift"; sourceTree = "<group>"; };
		63F4F2B52B14E60400CE4E92 /* SignUpCollectionModel.swift */ = {isa = PBXFileReference; lastKnownFileType = sourcecode.swift; path = SignUpCollectionModel.swift; sourceTree = "<group>"; };
/* End PBXFileReference section */

/* Begin PBXFrameworksBuildPhase section */
		636CFF792B0351EE00B03159 /* Frameworks */ = {
			isa = PBXFrameworksBuildPhase;
			buildActionMask = 2147483647;
			files = (
				63E92AAE2B0F5C7200CBEB2F /* Collections in Frameworks */,
				63AC04122B038B1A0067BAEA /* Alamofire in Frameworks */,
				636CFF982B03522800B03159 /* SnapKit in Frameworks */,
				63E92AB02B0F5C7200CBEB2F /* DequeModule in Frameworks */,
				636CFFA12B03523800B03159 /* RxCocoa in Frameworks */,
				636CFFA82B03525000B03159 /* Differentiator in Frameworks */,
				63E92AB22B0F5C7200CBEB2F /* OrderedCollections in Frameworks */,
				636CFFAA2B03525000B03159 /* RxDataSources in Frameworks */,
			);
			runOnlyForDeploymentPostprocessing = 0;
		};
/* End PBXFrameworksBuildPhase section */

/* Begin PBXGroup section */
		63121C872B19EF4600A22666 /* BottomSelectedItem */ = {
			isa = PBXGroup;
			children = (
				63121C882B19EF7700A22666 /* PinCreatingBottomView.swift */,
				63121C8A2B19EFC700A22666 /* BottomImageCell.swift */,
				63121C8C2B19EFFE00A22666 /* PinCreatingBottomView+DS.swift */,
			);
			path = BottomSelectedItem;
			sourceTree = "<group>";
		};
		63121C8E2B19F14600A22666 /* PinInfo */ = {
			isa = PBXGroup;
			children = (
				632C3D652B2439CF0087D95A /* PinInfoTag */,
				632C3D622B2436A70087D95A /* PinInfoBoard */,
				638F9C302B1B715C00A2AC26 /* SubView */,
				63121C8F2B19F17D00A22666 /* PinInfoVC.swift */,
				63121C912B1A057500A22666 /* PinInfoTitleView.swift */,
				63839FE92B1B2C27005C0499 /* PinInfoDataView.swift */,
			);
			path = PinInfo;
			sourceTree = "<group>";
		};
		6325F2552B23646C00AD0956 /* UIKit */ = {
			isa = PBXGroup;
			children = (
				63A178F52B0CF1A200A16A2C /* CIImage+Extensions.swift */,
				63E92AAA2B0F49D500CBEB2F /* CGImage+Extensions.swift */,
				63F4F2B32B14DD0700CE4E92 /* UICollectionView+Extensions.swift */,
				6325F2532B23645500AD0956 /* UIImage+Extensions.swift */,
			);
			path = UIKit;
			sourceTree = "<group>";
		};
		6325F2562B2364BB00AD0956 /* Library */ = {
			isa = PBXGroup;
			children = (
				634178712B1039950098201D /* UserDefaults+State.swift */,
				63121C832B19ADBD00A22666 /* AnyModelStore.swift */,
			);
			path = Library;
			sourceTree = "<group>";
		};
		63282CDD2B08BAC6006E7771 /* SignUp */ = {
			isa = PBXGroup;
			children = (
				63B7B2B52B15C25600A991F4 /* SubVC */,
				63AC04092B036EBF0067BAEA /* SignUpVC.swift */,
				63F4F2B52B14E60400CE4E92 /* SignUpCollectionModel.swift */,
			);
			path = SignUp;
			sourceTree = "<group>";
		};
		63282CE02B08BAD7006E7771 /* Discover */ = {
			isa = PBXGroup;
			children = (
				633FF77F2B1759DD003564FB /* DiscoverView.swift */,
				633FF7812B175A58003564FB /* BoardSectionView.swift */,
				633FF7862B175F40003564FB /* TopTabbar.swift */,
			);
			path = Discover;
			sourceTree = "<group>";
		};
		632C3D622B2436A70087D95A /* PinInfoBoard */ = {
			isa = PBXGroup;
			children = (
				632C3D632B2436BD0087D95A /* PinInfoBoardVC.swift */,
				632C3D6E2B2451110087D95A /* PinInfoBoardVC+CollectionView.swift */,
				632C3D682B243E2D0087D95A /* PinInfoBoardBottom.swift */,
				632C3D6A2B2443190087D95A /* PinInfoBoardVC+DS.swift */,
			);
			path = PinInfoBoard;
			sourceTree = "<group>";
		};
		632C3D652B2439CF0087D95A /* PinInfoTag */ = {
			isa = PBXGroup;
			children = (
				632C3D662B2439DA0087D95A /* PinInfoTagVC.swift */,
			);
			path = PinInfoTag;
			sourceTree = "<group>";
		};
		633F61B92B2743640059ECFF /* ReSignIn */ = {
			isa = PBXGroup;
			children = (
				633F61BA2B2743780059ECFF /* ReSignInVC.swift */,
			);
			path = ReSignIn;
			sourceTree = "<group>";
		};
		633F61BC2B2744580059ECFF /* Sign */ = {
			isa = PBXGroup;
			children = (
				633F61B92B2743640059ECFF /* ReSignIn */,
				6390AF952B11068800201BF1 /* SignIn */,
				63282CDD2B08BAC6006E7771 /* SignUp */,
				6390AF8D2B10B46300201BF1 /* Onboarding */,
			);
			path = Sign;
			sourceTree = "<group>";
		};
		633FF7832B175B15003564FB /* Discover */ = {
			isa = PBXGroup;
			children = (
				633FF7842B175BE0003564FB /* DiscoverVM.swift */,
			);
			path = Discover;
			sourceTree = "<group>";
		};
		633FF7882B17AE8E003564FB /* AlbumNaviTitleButton */ = {
			isa = PBXGroup;
			children = (
				633FF7892B17AEA6003564FB /* AlbumNaviTitileButton.swift */,
			);
			path = AlbumNaviTitleButton;
			sourceTree = "<group>";
		};
		6341786D2B10372A0098201D /* Router */ = {
			isa = PBXGroup;
			children = (
				636CFFB12B03535900B03159 /* AuthRouter.swift */,
				636CFFBE2B035CA200B03159 /* PostRouter.swift */,
				636954252B2887EE002138B3 /* ProfileRouter.swift */,
			);
			path = Router;
			sourceTree = "<group>";
		};
		6341786E2B1037430098201D /* Interceptor */ = {
			isa = PBXGroup;
			children = (
				634178752B103B5E0098201D /* AuthCredentail.swift */,
				6390AF872B10A6FD00201BF1 /* MyAuthenticator.swift */,
				634178772B10413E0098201D /* BaseInterceptor.swift */,
				63C49C852B24DBF60067102B /* PostInterceptor.swift */,
			);
			path = Interceptor;
			sourceTree = "<group>";
		};
		634178732B1039BE0098201D /* Helpers */ = {
			isa = PBXGroup;
			children = (
				6325F2562B2364BB00AD0956 /* Library */,
				63A178F42B0CF19300A16A2C /* Extensions */,
				637EEEC82B21BE5F007D54A3 /* UIKitComponents */,
				637EEEC52B21BDC8007D54A3 /* SwiftUIComponents */,
				63C1046D2B2019C0007A7991 /* Modifiers */,
			);
			path = Helpers;
			sourceTree = "<group>";
		};
		634178742B1039CE0098201D /* Photo(Album) */ = {
			isa = PBXGroup;
			children = (
				6398ADBD2B18BCB6003D6182 /* PhotoCollection.swift */,
				6398ADC32B18CB50003D6182 /* CachedImageManager.swift */,
				6398ADBF2B18BEBD003D6182 /* PhotoAssetCollection.swift */,
				6398ADC12B18BEDE003D6182 /* PhotoAsset.swift */,
			);
			path = "Photo(Album)";
			sourceTree = "<group>";
		};
		6369540A2B2869CB002138B3 /* Model */ = {
			isa = PBXGroup;
			children = (
				636954202B288631002138B3 /* Profile */,
				6369541D2B2880C8002138B3 /* UserInfo */,
				636954162B287C84002138B3 /* Comment */,
				6369540B2B286A4D002138B3 /* Auth */,
				63E92AB32B0F6E3D00CBEB2F /* Post */,
			);
			path = Model;
			sourceTree = "<group>";
		};
		6369540B2B286A4D002138B3 /* Auth */ = {
			isa = PBXGroup;
			children = (
				6369540D2B286B84002138B3 /* Body */,
				6369540C2B286AFC002138B3 /* Response */,
			);
			path = Auth;
			sourceTree = "<group>";
		};
		6369540C2B286AFC002138B3 /* Response */ = {
			isa = PBXGroup;
			children = (
				6390AF8A2B10AE1D00201BF1 /* TokenResponse.swift */,
				6390AF9D2B110D6100201BF1 /* SignInRespone.swift */,
				6369540E2B286C1C002138B3 /* SingUpResponse.swift */,
			);
			path = Response;
			sourceTree = "<group>";
		};
		6369540D2B286B84002138B3 /* Body */ = {
			isa = PBXGroup;
			children = (
				636954122B286E4C002138B3 /* SignUpBody.swift */,
			);
			path = Body;
			sourceTree = "<group>";
		};
		636954162B287C84002138B3 /* Comment */ = {
			isa = PBXGroup;
			children = (
				636954172B287CC1002138B3 /* Comment.swift */,
				636954192B287D00002138B3 /* LikeResponse.swift */,
				6369541B2B287D68002138B3 /* FollowResponse.swift */,
			);
			path = Comment;
			sourceTree = "<group>";
		};
		6369541D2B2880C8002138B3 /* UserInfo */ = {
			isa = PBXGroup;
			children = (
				636CFFBC2B0357F000B03159 /* UserDetail.swift */,
				6369541E2B2880D6002138B3 /* User.swift */,
			);
			path = UserInfo;
			sourceTree = "<group>";
		};
		636954202B288631002138B3 /* Profile */ = {
			isa = PBXGroup;
			children = (
				636954212B288643002138B3 /* ProfileEditBody.swift */,
				636954232B2886B3002138B3 /* ProfileResponse.swift */,
			);
			path = Profile;
			sourceTree = "<group>";
		};
		636CFF732B0351EE00B03159 = {
			isa = PBXGroup;
			children = (
				636CFF7E2B0351EE00B03159 /* lslpProject */,
				636CFF7D2B0351EE00B03159 /* Products */,
			);
			sourceTree = "<group>";
		};
		636CFF7D2B0351EE00B03159 /* Products */ = {
			isa = PBXGroup;
			children = (
				636CFF7C2B0351EE00B03159 /* lslpProject.app */,
			);
			name = Products;
			sourceTree = "<group>";
		};
		636CFF7E2B0351EE00B03159 /* lslpProject */ = {
			isa = PBXGroup;
			children = (
				636CFFAC2B03528100B03159 /* AppCores */,
				634178732B1039BE0098201D /* Helpers */,
				636CFFAF2B0352DC00B03159 /* Services */,
				636CFFAB2B03527000B03159 /* SceneCore */,
				636CFF832B0351EE00B03159 /* ViewController.swift */,
				630AD5BF2B196CBC00C2FE79 /* MethosSwizzleVC.swift */,
				636CFF8D2B0351EF00B03159 /* Info.plist */,
				636CFFC22B035D6800B03159 /* .gitignore */,
			);
			path = lslpProject;
			sourceTree = "<group>";
		};
		636CFF932B03520C00B03159 /* View */ = {
			isa = PBXGroup;
			children = (
				633F61BC2B2744580059ECFF /* Sign */,
				6399606E2B20568300C63987 /* Pin */,
				6373BF7B2B0F23A4006DE10C /* Creating */,
				63A178EC2B0CD7DB00A16A2C /* Upload */,
				638E10262B0B55E7006D27C0 /* Search */,
				638E10232B0B540D006D27C0 /* Profile */,
				638E10222B0B4C8B006D27C0 /* Feed */,
				63282CE02B08BAD7006E7771 /* Discover */,
				63A178E82B0CD2EE00A16A2C /* UIView+Extensions.swift */,
				63A178EA2B0CD30A00A16A2C /* IndexViewController.swift */,
			);
			path = View;
			sourceTree = "<group>";
		};
		636CFF942B03521100B03159 /* Model */ = {
			isa = PBXGroup;
			children = (
				63E92AA02B0F3A1700CBEB2F /* Create */,
				6389C1CA2B0A06D10011666C /* Discover */,
				636954062B2867F1002138B3 /* SingIn.swift */,
				636954082B286897002138B3 /* Profile.swift */,
			);
			path = Model;
			sourceTree = "<group>";
		};
		636CFF952B03521600B03159 /* ViewModel */ = {
			isa = PBXGroup;
			children = (
				633FF7832B175B15003564FB /* Discover */,
				6390AF922B10C6EF00201BF1 /* Onboarding */,
				63E92A972B0F2E5600CBEB2F /* Account */,
				63E92A942B0F2D0F00CBEB2F /* Creating */,
				63A179062B0D117F00A16A2C /* Upload */,
				63282CDB2B08BA67006E7771 /* FeedVM.swift */,
			);
			path = ViewModel;
			sourceTree = "<group>";
		};
		636CFFAB2B03527000B03159 /* SceneCore */ = {
			isa = PBXGroup;
			children = (
				63E92A982B0F2FB800CBEB2F /* TabController */,
				636CFF942B03521100B03159 /* Model */,
				636CFF952B03521600B03159 /* ViewModel */,
				636CFF932B03520C00B03159 /* View */,
			);
			path = SceneCore;
			sourceTree = "<group>";
		};
		636CFFAC2B03528100B03159 /* AppCores */ = {
			isa = PBXGroup;
			children = (
				63AC040B2B036ED50067BAEA /* Bases */,
				636CFF852B0351EE00B03159 /* Main.storyboard */,
				636CFF882B0351EF00B03159 /* Assets.xcassets */,
				636CFF8A2B0351EF00B03159 /* LaunchScreen.storyboard */,
				636CFF7F2B0351EE00B03159 /* AppDelegate.swift */,
				636CFF812B0351EE00B03159 /* SceneDelegate.swift */,
				636CFFC02B035CD600B03159 /* App.swift */,
				638E10292B0B5CD8006D27C0 /* AppManager.swift */,
			);
			path = AppCores;
			sourceTree = "<group>";
		};
		636CFFAF2B0352DC00B03159 /* Services */ = {
			isa = PBXGroup;
			children = (
				634178742B1039CE0098201D /* Photo(Album) */,
				63E92AA52B0F46C900CBEB2F /* Cache */,
				63A178EF2B0CDEDA00A16A2C /* Camera */,
				636CFFB02B0352E400B03159 /* Network+API */,
				6325F24F2B230EF700AD0956 /* TaskCounter.swift */,
			);
			path = Services;
			sourceTree = "<group>";
		};
		636CFFB02B0352E400B03159 /* Network+API */ = {
			isa = PBXGroup;
			children = (
				6369540A2B2869CB002138B3 /* Model */,
				6390AF9C2B110CAC00201BF1 /* NetworkService */,
				6341786E2B1037430098201D /* Interceptor */,
				6341786D2B10372A0098201D /* Router */,
			);
			path = "Network+API";
			sourceTree = "<group>";
		};
		6373BF7B2B0F23A4006DE10C /* Creating */ = {
			isa = PBXGroup;
			children = (
				6373BF7C2B0F23BC006DE10C /* CreatingVC.swift */,
				63ABE8772B246957000D41D7 /* CreatingBoard */,
				63E92A9B2B0F351700CBEB2F /* CreatePin */,
			);
			path = Creating;
			sourceTree = "<group>";
		};
		637EEEC52B21BDC8007D54A3 /* SwiftUIComponents */ = {
			isa = PBXGroup;
			children = (
				637EEEC62B21BDD1007D54A3 /* NavItem.swift */,
			);
			path = SwiftUIComponents;
			sourceTree = "<group>";
		};
		637EEEC82B21BE5F007D54A3 /* UIKitComponents */ = {
			isa = PBXGroup;
			children = (
				6390AF902B10B82E00201BF1 /* ButtonAnimations.swift */,
			);
			path = UIKitComponents;
			sourceTree = "<group>";
		};
		6383DC012B20A94E0038639F /* Components */ = {
			isa = PBXGroup;
			children = (
				6383DC022B20A9670038639F /* AccountTopHeader.swift */,
				6383DC042B20A9E30038639F /* AccountProfile.swift */,
				6383DC062B20AAA20038639F /* SectionTabView.swift */,
				6369542B2B28A281002138B3 /* PresentModifier.swift */,
			);
			path = Components;
			sourceTree = "<group>";
		};
		6389C1CA2B0A06D10011666C /* Discover */ = {
			isa = PBXGroup;
			children = (
			);
			path = Discover;
			sourceTree = "<group>";
		};
		638E10222B0B4C8B006D27C0 /* Feed */ = {
			isa = PBXGroup;
			children = (
				63282CD92B08BA29006E7771 /* FeedVC.swift */,
			);
			path = Feed;
			sourceTree = "<group>";
		};
		638E10232B0B540D006D27C0 /* Profile */ = {
			isa = PBXGroup;
			children = (
				638E10242B0B5418006D27C0 /* ProfileVC.swift */,
				6383DC012B20A94E0038639F /* Components */,
				639B99E82B21553B00FB3B17 /* SettingView.swift */,
				636953FF2B27E8B6002138B3 /* ProfileEditView.swift */,
			);
			path = Profile;
			sourceTree = "<group>";
		};
		638E10262B0B55E7006D27C0 /* Search */ = {
			isa = PBXGroup;
			children = (
				638E10272B0B55EE006D27C0 /* SearchVC.swift */,
			);
			path = Search;
			sourceTree = "<group>";
		};
		638F9C302B1B715C00A2AC26 /* SubView */ = {
			isa = PBXGroup;
			children = (
				638F9C312B1B716E00A2AC26 /* PinInfoTextField.swift */,
				638F9C332B1B71A100A2AC26 /* PinInfoListCell.swift */,
				6325F2512B231A5300AD0956 /* PinInfoBottomView.swift */,
				632C3D602B2427350087D95A /* WrapperImageView.swift */,
			);
			path = SubView;
			sourceTree = "<group>";
		};
		6390AF8D2B10B46300201BF1 /* Onboarding */ = {
			isa = PBXGroup;
			children = (
				6390AF8E2B10B50B00201BF1 /* OnboardingVC.swift */,
			);
			path = Onboarding;
			sourceTree = "<group>";
		};
		6390AF922B10C6EF00201BF1 /* Onboarding */ = {
			isa = PBXGroup;
			children = (
				6390AF932B10C6F900201BF1 /* OnboardingVM.swift */,
				6390AF982B1109D500201BF1 /* SignInVM.swift */,
			);
			path = Onboarding;
			sourceTree = "<group>";
		};
		6390AF952B11068800201BF1 /* SignIn */ = {
			isa = PBXGroup;
			children = (
				63F4F2A82B14987C00CE4E92 /* SubComponents */,
				6390AF962B11069000201BF1 /* OnboardSignIn.swift */,
				633F61BD2B2747DE0059ECFF /* SignIn.swift */,
			);
			path = SignIn;
			sourceTree = "<group>";
		};
		6390AF9C2B110CAC00201BF1 /* NetworkService */ = {
			isa = PBXGroup;
			children = (
				636CFFAD2B03528C00B03159 /* NetworkService.swift */,
				6390AF9A2B110CA700201BF1 /* NewworkService+Auth.swift */,
				636954272B289048002138B3 /* NetworkService+Profile.swift */,
			);
			path = NetworkService;
			sourceTree = "<group>";
		};
		6399606E2B20568300C63987 /* Pin */ = {
			isa = PBXGroup;
			children = (
				639960712B2056B500C63987 /* PinView.swift */,
				639960732B2056FA00C63987 /* PinProfileBanner.swift */,
				639960752B2057FE00C63987 /* PinBottom.swift */,
			);
			path = Pin;
			sourceTree = "<group>";
		};
		639F29E72B1A376100A0C4E9 /* AlbumSelectorView */ = {
			isa = PBXGroup;
			children = (
				639F29E92B1A378800A0C4E9 /* AlbumSelectorView.swift */,
			);
			path = AlbumSelectorView;
			sourceTree = "<group>";
		};
		639F29E82B1A376D00A0C4E9 /* SubViews */ = {
			isa = PBXGroup;
			children = (
				6398ADC52B18E6A4003D6182 /* CreatingPinVC+DataSource.swift */,
				633FF77A2B172CD1003564FB /* CreatingPinMainCell.swift */,
				633FF7782B172BE1003564FB /* CreatingPinVC+CollectionView.swift */,
				639F29E72B1A376100A0C4E9 /* AlbumSelectorView */,
				63121C872B19EF4600A22666 /* BottomSelectedItem */,
			);
			path = SubViews;
			sourceTree = "<group>";
		};
		63A178EC2B0CD7DB00A16A2C /* Upload */ = {
			isa = PBXGroup;
			children = (
				63A178ED2B0CD7E600A16A2C /* UploadVC.swift */,
				63A178FC2B0CF92800A16A2C /* VideoUploadView.swift */,
				63A178FA2B0CF90900A16A2C /* CameraCaptureView.swift */,
				6365395A2B0E4447000C41C5 /* CameraCapureBindings.swift */,
			);
			path = Upload;
			sourceTree = "<group>";
		};
		63A178EF2B0CDEDA00A16A2C /* Camera */ = {
			isa = PBXGroup;
			children = (
				63A178F02B0CDEE900A16A2C /* Camera.swift */,
				63A178F22B0CE4E800A16A2C /* CameraService.swift */,
			);
			path = Camera;
			sourceTree = "<group>";
		};
		63A178F42B0CF19300A16A2C /* Extensions */ = {
			isa = PBXGroup;
			children = (
				6325F2552B23646C00AD0956 /* UIKit */,
			);
			path = Extensions;
			sourceTree = "<group>";
		};
		63A179062B0D117F00A16A2C /* Upload */ = {
			isa = PBXGroup;
			children = (
				63A178F82B0CF3FE00A16A2C /* UploadVM.swift */,
				63A179022B0D110E00A16A2C /* VideoUploadVM.swift */,
				63A179042B0D111A00A16A2C /* CameraCaptureVM.swift */,
			);
			path = Upload;
			sourceTree = "<group>";
		};
		63ABE8772B246957000D41D7 /* CreatingBoard */ = {
			isa = PBXGroup;
			children = (
				63ABE87A2B247BB0000D41D7 /* SubViews */,
				63ABE8782B246969000D41D7 /* CreatingBoardVC.swift */,
			);
			path = CreatingBoard;
			sourceTree = "<group>";
		};
		63ABE87A2B247BB0000D41D7 /* SubViews */ = {
			isa = PBXGroup;
			children = (
				63ABE87B2B247BF9000D41D7 /* BoardTitleView.swift */,
				63ABE87D2B247C1F000D41D7 /* PrivacyView.swift */,
			);
			path = SubViews;
			sourceTree = "<group>";
		};
		63AC040B2B036ED50067BAEA /* Bases */ = {
			isa = PBXGroup;
			children = (
				63AC040C2B036EDB0067BAEA /* BaseVC.swift */,
				63A178FE2B0D054000A16A2C /* BaseView.swift */,
			);
			path = Bases;
			sourceTree = "<group>";
		};
		63B7B2B52B15C25600A991F4 /* SubVC */ = {
			isa = PBXGroup;
			children = (
				63F4F2B12B14D64F00CE4E92 /* EmailEnterVC.swift */,
				63B7B2B32B15BF3800A991F4 /* PWEnterVC.swift */,
				63B7B2B62B15C38500A991F4 /* NickNameVC.swift */,
				63B7B2B82B15C4B500A991F4 /* OptionEnterVC.swift */,
			);
			path = SubVC;
			sourceTree = "<group>";
		};
		63C1046D2B2019C0007A7991 /* Modifiers */ = {
			isa = PBXGroup;
			children = (
				63C1046E2B2019D2007A7991 /* ButtonModifiers.swift */,
				633CE8E32B21B34300C63D6E /* NavigationModifiers.swift */,
			);
			path = Modifiers;
			sourceTree = "<group>";
		};
		63E92A942B0F2D0F00CBEB2F /* Creating */ = {
			isa = PBXGroup;
			children = (
				63E92A952B0F2D1B00CBEB2F /* CreatingVM.swift */,
				6398ADC72B18E885003D6182 /* CreatingPinVM.swift */,
				63121C932B1A06D500A22666 /* CreatingPinInfoVM.swift */,
				63C49C812B24B28A0067102B /* CreatingBoardVM.swift */,
			);
			path = Creating;
			sourceTree = "<group>";
		};
		63E92A972B0F2E5600CBEB2F /* Account */ = {
			isa = PBXGroup;
			children = (
				63AC040E2B0370A00067BAEA /* SignUpVM.swift */,
				636954042B28664A002138B3 /* ProfileEditVM.swift */,
				636954292B289C5F002138B3 /* ProfileVM.swift */,
			);
			path = Account;
			sourceTree = "<group>";
		};
		63E92A982B0F2FB800CBEB2F /* TabController */ = {
			isa = PBXGroup;
			children = (
				638E10202B0B49D3006D27C0 /* TabVC.swift */,
				63E92A992B0F2FFA00CBEB2F /* TabVC+ViewSetting.swift */,
			);
			path = TabController;
			sourceTree = "<group>";
		};
		63E92A9B2B0F351700CBEB2F /* CreatePin */ = {
			isa = PBXGroup;
			children = (
				63121C8E2B19F14600A22666 /* PinInfo */,
				639F29E82B1A376D00A0C4E9 /* SubViews */,
				633FF7762B172632003564FB /* CreatingPinVC.swift */,
				633FF7882B17AE8E003564FB /* AlbumNaviTitleButton */,
				63121C852B19E0D000A22666 /* PinBottomView.swift */,
			);
			path = CreatePin;
			sourceTree = "<group>";
		};
		63E92AA02B0F3A1700CBEB2F /* Create */ = {
			isa = PBXGroup;
			children = (
				63E92AA12B0F3A2900CBEB2F /* AlbumItem.swift */,
			);
			path = Create;
			sourceTree = "<group>";
		};
		63E92AA52B0F46C900CBEB2F /* Cache */ = {
			isa = PBXGroup;
			children = (
				63E92AA62B0F46D600CBEB2F /* CacheService.swift */,
				63E92AA82B0F47C500CBEB2F /* CacheService+Image.swift */,
			);
			path = Cache;
			sourceTree = "<group>";
		};
		63E92AB32B0F6E3D00CBEB2F /* Post */ = {
			isa = PBXGroup;
			children = (
				63C49C832B24B6F40067102B /* Post.swift */,
				63E92AB42B0F6E4600CBEB2F /* PinPost.swift */,
				632C3D6C2B244FB90087D95A /* BoardPost.swift */,
				636954102B286E1D002138B3 /* PostResponse.swift */,
				636954142B28772C002138B3 /* PostCheckResponse.swift */,
			);
			path = Post;
			sourceTree = "<group>";
		};
		63F4F2A82B14987C00CE4E92 /* SubComponents */ = {
			isa = PBXGroup;
			children = (
				63F4F2A92B14988E00CE4E92 /* EmailInput.swift */,
				63F4F2AB2B1498D100CE4E92 /* PasswordInput.swift */,
				63F4F2AD2B1498F200CE4E92 /* TextInputBindings.swift */,
				63F4F2AF2B14AC0A00CE4E92 /* LogInBtn.swift */,
			);
			path = SubComponents;
			sourceTree = "<group>";
		};
/* End PBXGroup section */

/* Begin PBXNativeTarget section */
		636CFF7B2B0351EE00B03159 /* lslpProject */ = {
			isa = PBXNativeTarget;
			buildConfigurationList = 636CFF902B0351EF00B03159 /* Build configuration list for PBXNativeTarget "lslpProject" */;
			buildPhases = (
				636CFF782B0351EE00B03159 /* Sources */,
				636CFF792B0351EE00B03159 /* Frameworks */,
				636CFF7A2B0351EE00B03159 /* Resources */,
			);
			buildRules = (
			);
			dependencies = (
			);
			name = lslpProject;
			packageProductDependencies = (
				636CFF972B03522800B03159 /* SnapKit */,
				636CFFA02B03523800B03159 /* RxCocoa */,
				636CFFA72B03525000B03159 /* Differentiator */,
				636CFFA92B03525000B03159 /* RxDataSources */,
				63AC04112B038B1A0067BAEA /* Alamofire */,
				63E92AAD2B0F5C7200CBEB2F /* Collections */,
				63E92AAF2B0F5C7200CBEB2F /* DequeModule */,
				63E92AB12B0F5C7200CBEB2F /* OrderedCollections */,
			);
			productName = lslpProject;
			productReference = 636CFF7C2B0351EE00B03159 /* lslpProject.app */;
			productType = "com.apple.product-type.application";
		};
/* End PBXNativeTarget section */

/* Begin PBXProject section */
		636CFF742B0351EE00B03159 /* Project object */ = {
			isa = PBXProject;
			attributes = {
				BuildIndependentTargetsInParallel = 1;
				LastSwiftUpdateCheck = 1500;
				LastUpgradeCheck = 1500;
				TargetAttributes = {
					636CFF7B2B0351EE00B03159 = {
						CreatedOnToolsVersion = 15.0.1;
					};
				};
			};
			buildConfigurationList = 636CFF772B0351EE00B03159 /* Build configuration list for PBXProject "lslpProject" */;
			compatibilityVersion = "Xcode 14.0";
			developmentRegion = en;
			hasScannedForEncodings = 0;
			knownRegions = (
				en,
				Base,
			);
			mainGroup = 636CFF732B0351EE00B03159;
			packageReferences = (
				636CFF962B03522800B03159 /* XCRemoteSwiftPackageReference "SnapKit" */,
				636CFF9B2B03523800B03159 /* XCRemoteSwiftPackageReference "RxSwift" */,
				636CFFA62B03525000B03159 /* XCRemoteSwiftPackageReference "RxDataSources" */,
				63AC04102B038B1A0067BAEA /* XCRemoteSwiftPackageReference "Alamofire" */,
				63E92AAC2B0F5C7200CBEB2F /* XCRemoteSwiftPackageReference "swift-collections" */,
			);
			productRefGroup = 636CFF7D2B0351EE00B03159 /* Products */;
			projectDirPath = "";
			projectRoot = "";
			targets = (
				636CFF7B2B0351EE00B03159 /* lslpProject */,
			);
		};
/* End PBXProject section */

/* Begin PBXResourcesBuildPhase section */
		636CFF7A2B0351EE00B03159 /* Resources */ = {
			isa = PBXResourcesBuildPhase;
			buildActionMask = 2147483647;
			files = (
				636CFFC32B035D6800B03159 /* .gitignore in Resources */,
				636CFF8C2B0351EF00B03159 /* LaunchScreen.storyboard in Resources */,
				636CFF892B0351EF00B03159 /* Assets.xcassets in Resources */,
				636CFF872B0351EE00B03159 /* Main.storyboard in Resources */,
			);
			runOnlyForDeploymentPostprocessing = 0;
		};
/* End PBXResourcesBuildPhase section */

/* Begin PBXSourcesBuildPhase section */
		636CFF782B0351EE00B03159 /* Sources */ = {
			isa = PBXSourcesBuildPhase;
			buildActionMask = 2147483647;
			files = (
				633FF77B2B172CD1003564FB /* CreatingPinMainCell.swift in Sources */,
				6390AF972B11069000201BF1 /* OnboardSignIn.swift in Sources */,
				63121C862B19E0D000A22666 /* PinBottomView.swift in Sources */,
				63AC040F2B0370A00067BAEA /* SignUpVM.swift in Sources */,
				636CFF842B0351EE00B03159 /* ViewController.swift in Sources */,
				63A178E92B0CD2EE00A16A2C /* UIView+Extensions.swift in Sources */,
				63121C8B2B19EFC700A22666 /* BottomImageCell.swift in Sources */,
				636954072B2867F1002138B3 /* SingIn.swift in Sources */,
				63A178FF2B0D054000A16A2C /* BaseView.swift in Sources */,
				63C49C822B24B28A0067102B /* CreatingBoardVM.swift in Sources */,
				63AC040A2B036EBF0067BAEA /* SignUpVC.swift in Sources */,
				63E92AB52B0F6E4600CBEB2F /* PinPost.swift in Sources */,
				63A178EB2B0CD30A00A16A2C /* IndexViewController.swift in Sources */,
				6390AF942B10C6F900201BF1 /* OnboardingVM.swift in Sources */,
				636954262B2887EE002138B3 /* ProfileRouter.swift in Sources */,
				638F9C322B1B716E00A2AC26 /* PinInfoTextField.swift in Sources */,
				63F4F2B42B14DD0700CE4E92 /* UICollectionView+Extensions.swift in Sources */,
				630AD5C02B196CBC00C2FE79 /* MethosSwizzleVC.swift in Sources */,
				6398ADC02B18BEBD003D6182 /* PhotoAssetCollection.swift in Sources */,
				633FF7772B172632003564FB /* CreatingPinVC.swift in Sources */,
				633FF7802B1759DD003564FB /* DiscoverView.swift in Sources */,
				6390AF9B2B110CA700201BF1 /* NewworkService+Auth.swift in Sources */,
				633FF7822B175A58003564FB /* BoardSectionView.swift in Sources */,
				639B99E92B21553B00FB3B17 /* SettingView.swift in Sources */,
				63A178FB2B0CF90900A16A2C /* CameraCaptureView.swift in Sources */,
				636954092B286897002138B3 /* Profile.swift in Sources */,
				6325F2542B23645500AD0956 /* UIImage+Extensions.swift in Sources */,
				6325F2522B231A5300AD0956 /* PinInfoBottomView.swift in Sources */,
				63A178F32B0CE4E800A16A2C /* CameraService.swift in Sources */,
				636CFFC12B035CD600B03159 /* App.swift in Sources */,
				638F9C342B1B71A100A2AC26 /* PinInfoListCell.swift in Sources */,
				633FF78A2B17AEA6003564FB /* AlbumNaviTitileButton.swift in Sources */,
				634178762B103B5E0098201D /* AuthCredentail.swift in Sources */,
				6398ADC62B18E6A4003D6182 /* CreatingPinVC+DataSource.swift in Sources */,
				632C3D612B2427350087D95A /* WrapperImageView.swift in Sources */,
				63E92AAB2B0F49D500CBEB2F /* CGImage+Extensions.swift in Sources */,
				633CE8E42B21B34300C63D6E /* NavigationModifiers.swift in Sources */,
				63839FEA2B1B2C27005C0499 /* PinInfoDataView.swift in Sources */,
				63F4F2AA2B14988E00CE4E92 /* EmailInput.swift in Sources */,
				6383DC072B20AAA20038639F /* SectionTabView.swift in Sources */,
				63121C8D2B19EFFE00A22666 /* PinCreatingBottomView+DS.swift in Sources */,
				63A178EE2B0CD7E600A16A2C /* UploadVC.swift in Sources */,
				63121C902B19F17D00A22666 /* PinInfoVC.swift in Sources */,
				6325F2502B230EF700AD0956 /* TaskCounter.swift in Sources */,
				632C3D642B2436BD0087D95A /* PinInfoBoardVC.swift in Sources */,
				63E92AA72B0F46D600CBEB2F /* CacheService.swift in Sources */,
				633FF7852B175BE0003564FB /* DiscoverVM.swift in Sources */,
				63C49C862B24DBF60067102B /* PostInterceptor.swift in Sources */,
				63F4F2AE2B1498F200CE4E92 /* TextInputBindings.swift in Sources */,
				63B7B2B42B15BF3800A991F4 /* PWEnterVC.swift in Sources */,
				6390AF8F2B10B50B00201BF1 /* OnboardingVC.swift in Sources */,
				632C3D6B2B2443190087D95A /* PinInfoBoardVC+DS.swift in Sources */,
				636954052B28664A002138B3 /* ProfileEditVM.swift in Sources */,
				636CFF802B0351EE00B03159 /* AppDelegate.swift in Sources */,
				637EEEC72B21BDD1007D54A3 /* NavItem.swift in Sources */,
				63C49C842B24B6F40067102B /* Post.swift in Sources */,
				633F61BE2B2747DE0059ECFF /* SignIn.swift in Sources */,
				63E92AA22B0F3A2900CBEB2F /* AlbumItem.swift in Sources */,
				636CFFBD2B0357F000B03159 /* UserDetail.swift in Sources */,
				63ABE87E2B247C1F000D41D7 /* PrivacyView.swift in Sources */,
				638E102A2B0B5CD8006D27C0 /* AppManager.swift in Sources */,
				6369540F2B286C1C002138B3 /* SingUpResponse.swift in Sources */,
				6398ADC82B18E885003D6182 /* CreatingPinVM.swift in Sources */,
				63A178F12B0CDEE900A16A2C /* Camera.swift in Sources */,
				63C1046F2B2019D2007A7991 /* ButtonModifiers.swift in Sources */,
				6365395B2B0E4447000C41C5 /* CameraCapureBindings.swift in Sources */,
				6369541F2B2880D6002138B3 /* User.swift in Sources */,
				6383DC052B20A9E30038639F /* AccountProfile.swift in Sources */,
				636CFFBF2B035CA200B03159 /* PostRouter.swift in Sources */,
				636CFFB22B03535900B03159 /* AuthRouter.swift in Sources */,
				63A179052B0D111A00A16A2C /* CameraCaptureVM.swift in Sources */,
				638E10212B0B49D3006D27C0 /* TabVC.swift in Sources */,
				63282CDA2B08BA29006E7771 /* FeedVC.swift in Sources */,
				636954132B286E4C002138B3 /* SignUpBody.swift in Sources */,
				63F4F2AC2B1498D100CE4E92 /* PasswordInput.swift in Sources */,
				63A178FD2B0CF92800A16A2C /* VideoUploadView.swift in Sources */,
				63F4F2B22B14D64F00CE4E92 /* EmailEnterVC.swift in Sources */,
				632C3D672B2439DA0087D95A /* PinInfoTagVC.swift in Sources */,
				6373BF7D2B0F23BC006DE10C /* CreatingVC.swift in Sources */,
				632C3D6F2B2451110087D95A /* PinInfoBoardVC+CollectionView.swift in Sources */,
				6390AF9E2B110D6100201BF1 /* SignInRespone.swift in Sources */,
				634178722B1039950098201D /* UserDefaults+State.swift in Sources */,
				63121C942B1A06D500A22666 /* CreatingPinInfoVM.swift in Sources */,
				63E92AA92B0F47C500CBEB2F /* CacheService+Image.swift in Sources */,
				63A179032B0D110E00A16A2C /* VideoUploadVM.swift in Sources */,
				6398ADBE2B18BCB6003D6182 /* PhotoCollection.swift in Sources */,
				636954222B288643002138B3 /* ProfileEditBody.swift in Sources */,
				636954242B2886B3002138B3 /* ProfileResponse.swift in Sources */,
				633FF7872B175F40003564FB /* TopTabbar.swift in Sources */,
				6390AF882B10A6FD00201BF1 /* MyAuthenticator.swift in Sources */,
				63ABE8792B246969000D41D7 /* CreatingBoardVC.swift in Sources */,
				636954182B287CC1002138B3 /* Comment.swift in Sources */,
				639960722B2056B500C63987 /* PinView.swift in Sources */,
				6398ADC22B18BEDE003D6182 /* PhotoAsset.swift in Sources */,
				6369542A2B289C5F002138B3 /* ProfileVM.swift in Sources */,
				638E10282B0B55EE006D27C0 /* SearchVC.swift in Sources */,
				6398ADC42B18CB50003D6182 /* CachedImageManager.swift in Sources */,
				63121C892B19EF7700A22666 /* PinCreatingBottomView.swift in Sources */,
				63E92A962B0F2D1B00CBEB2F /* CreatingVM.swift in Sources */,
				6369542C2B28A281002138B3 /* PresentModifier.swift in Sources */,
				63B7B2B72B15C38500A991F4 /* NickNameVC.swift in Sources */,
				636CFFAE2B03528C00B03159 /* NetworkService.swift in Sources */,
				633FF7792B172BE1003564FB /* CreatingPinVC+CollectionView.swift in Sources */,
				63A178F92B0CF3FE00A16A2C /* UploadVM.swift in Sources */,
				636CFF822B0351EE00B03159 /* SceneDelegate.swift in Sources */,
				6369541C2B287D68002138B3 /* FollowResponse.swift in Sources */,
				639F29EA2B1A378800A0C4E9 /* AlbumSelectorView.swift in Sources */,
				63F4F2B02B14AC0A00CE4E92 /* LogInBtn.swift in Sources */,
				63E92A9A2B0F2FFA00CBEB2F /* TabVC+ViewSetting.swift in Sources */,
				6390AF992B1109D500201BF1 /* SignInVM.swift in Sources */,
				632C3D6D2B244FB90087D95A /* BoardPost.swift in Sources */,
				63F4F2B62B14E60400CE4E92 /* SignUpCollectionModel.swift in Sources */,
				636954282B289048002138B3 /* NetworkService+Profile.swift in Sources */,
				63282CDC2B08BA67006E7771 /* FeedVM.swift in Sources */,
				638E10252B0B5418006D27C0 /* ProfileVC.swift in Sources */,
				63121C842B19ADBD00A22666 /* AnyModelStore.swift in Sources */,
				639960742B2056FA00C63987 /* PinProfileBanner.swift in Sources */,
				63121C922B1A057500A22666 /* PinInfoTitleView.swift in Sources */,
				6390AF912B10B82E00201BF1 /* ButtonAnimations.swift in Sources */,
				63AC040D2B036EDB0067BAEA /* BaseVC.swift in Sources */,
				6390AF8B2B10AE1D00201BF1 /* TokenResponse.swift in Sources */,
				63ABE87C2B247BF9000D41D7 /* BoardTitleView.swift in Sources */,
				63A178F62B0CF1A200A16A2C /* CIImage+Extensions.swift in Sources */,
				636954112B286E1D002138B3 /* PostResponse.swift in Sources */,
				636954152B28772C002138B3 /* PostCheckResponse.swift in Sources */,
				6383DC032B20A9670038639F /* AccountTopHeader.swift in Sources */,
				636954002B27E8B6002138B3 /* ProfileEditView.swift in Sources */,
				639960762B2057FE00C63987 /* PinBottom.swift in Sources */,
				634178782B10413E0098201D /* BaseInterceptor.swift in Sources */,
				63B7B2B92B15C4B500A991F4 /* OptionEnterVC.swift in Sources */,
				633F61BB2B2743780059ECFF /* ReSignInVC.swift in Sources */,
				6369541A2B287D00002138B3 /* LikeResponse.swift in Sources */,
				632C3D692B243E2D0087D95A /* PinInfoBoardBottom.swift in Sources */,
			);
			runOnlyForDeploymentPostprocessing = 0;
		};
/* End PBXSourcesBuildPhase section */

/* Begin PBXVariantGroup section */
		636CFF852B0351EE00B03159 /* Main.storyboard */ = {
			isa = PBXVariantGroup;
			children = (
				636CFF862B0351EE00B03159 /* Base */,
			);
			name = Main.storyboard;
			sourceTree = "<group>";
		};
		636CFF8A2B0351EF00B03159 /* LaunchScreen.storyboard */ = {
			isa = PBXVariantGroup;
			children = (
				636CFF8B2B0351EF00B03159 /* Base */,
			);
			name = LaunchScreen.storyboard;
			sourceTree = "<group>";
		};
/* End PBXVariantGroup section */

/* Begin XCBuildConfiguration section */
		636CFF8E2B0351EF00B03159 /* Debug */ = {
			isa = XCBuildConfiguration;
			buildSettings = {
				ALWAYS_SEARCH_USER_PATHS = NO;
				ASSETCATALOG_COMPILER_GENERATE_SWIFT_ASSET_SYMBOL_EXTENSIONS = YES;
				CLANG_ANALYZER_NONNULL = YES;
				CLANG_ANALYZER_NUMBER_OBJECT_CONVERSION = YES_AGGRESSIVE;
				CLANG_CXX_LANGUAGE_STANDARD = "gnu++20";
				CLANG_ENABLE_MODULES = YES;
				CLANG_ENABLE_OBJC_ARC = YES;
				CLANG_ENABLE_OBJC_WEAK = YES;
				CLANG_WARN_BLOCK_CAPTURE_AUTORELEASING = YES;
				CLANG_WARN_BOOL_CONVERSION = YES;
				CLANG_WARN_COMMA = YES;
				CLANG_WARN_CONSTANT_CONVERSION = YES;
				CLANG_WARN_DEPRECATED_OBJC_IMPLEMENTATIONS = YES;
				CLANG_WARN_DIRECT_OBJC_ISA_USAGE = YES_ERROR;
				CLANG_WARN_DOCUMENTATION_COMMENTS = YES;
				CLANG_WARN_EMPTY_BODY = YES;
				CLANG_WARN_ENUM_CONVERSION = YES;
				CLANG_WARN_INFINITE_RECURSION = YES;
				CLANG_WARN_INT_CONVERSION = YES;
				CLANG_WARN_NON_LITERAL_NULL_CONVERSION = YES;
				CLANG_WARN_OBJC_IMPLICIT_RETAIN_SELF = YES;
				CLANG_WARN_OBJC_LITERAL_CONVERSION = YES;
				CLANG_WARN_OBJC_ROOT_CLASS = YES_ERROR;
				CLANG_WARN_QUOTED_INCLUDE_IN_FRAMEWORK_HEADER = YES;
				CLANG_WARN_RANGE_LOOP_ANALYSIS = YES;
				CLANG_WARN_STRICT_PROTOTYPES = YES;
				CLANG_WARN_SUSPICIOUS_MOVE = YES;
				CLANG_WARN_UNGUARDED_AVAILABILITY = YES_AGGRESSIVE;
				CLANG_WARN_UNREACHABLE_CODE = YES;
				CLANG_WARN__DUPLICATE_METHOD_MATCH = YES;
				COPY_PHASE_STRIP = NO;
				DEBUG_INFORMATION_FORMAT = dwarf;
				ENABLE_STRICT_OBJC_MSGSEND = YES;
				ENABLE_TESTABILITY = YES;
				ENABLE_USER_SCRIPT_SANDBOXING = YES;
				GCC_C_LANGUAGE_STANDARD = gnu17;
				GCC_DYNAMIC_NO_PIC = NO;
				GCC_NO_COMMON_BLOCKS = YES;
				GCC_OPTIMIZATION_LEVEL = 0;
				GCC_PREPROCESSOR_DEFINITIONS = (
					"DEBUG=1",
					"$(inherited)",
				);
				GCC_WARN_64_TO_32_BIT_CONVERSION = YES;
				GCC_WARN_ABOUT_RETURN_TYPE = YES_ERROR;
				GCC_WARN_UNDECLARED_SELECTOR = YES;
				GCC_WARN_UNINITIALIZED_AUTOS = YES_AGGRESSIVE;
				GCC_WARN_UNUSED_FUNCTION = YES;
				GCC_WARN_UNUSED_VARIABLE = YES;
				IPHONEOS_DEPLOYMENT_TARGET = 16.0;
				LOCALIZATION_PREFERS_STRING_CATALOGS = YES;
				MTL_ENABLE_DEBUG_INFO = INCLUDE_SOURCE;
				MTL_FAST_MATH = YES;
				ONLY_ACTIVE_ARCH = YES;
				SDKROOT = iphoneos;
				SWIFT_ACTIVE_COMPILATION_CONDITIONS = "DEBUG $(inherited)";
				SWIFT_OPTIMIZATION_LEVEL = "-Onone";
			};
			name = Debug;
		};
		636CFF8F2B0351EF00B03159 /* Release */ = {
			isa = XCBuildConfiguration;
			buildSettings = {
				ALWAYS_SEARCH_USER_PATHS = NO;
				ASSETCATALOG_COMPILER_GENERATE_SWIFT_ASSET_SYMBOL_EXTENSIONS = YES;
				CLANG_ANALYZER_NONNULL = YES;
				CLANG_ANALYZER_NUMBER_OBJECT_CONVERSION = YES_AGGRESSIVE;
				CLANG_CXX_LANGUAGE_STANDARD = "gnu++20";
				CLANG_ENABLE_MODULES = YES;
				CLANG_ENABLE_OBJC_ARC = YES;
				CLANG_ENABLE_OBJC_WEAK = YES;
				CLANG_WARN_BLOCK_CAPTURE_AUTORELEASING = YES;
				CLANG_WARN_BOOL_CONVERSION = YES;
				CLANG_WARN_COMMA = YES;
				CLANG_WARN_CONSTANT_CONVERSION = YES;
				CLANG_WARN_DEPRECATED_OBJC_IMPLEMENTATIONS = YES;
				CLANG_WARN_DIRECT_OBJC_ISA_USAGE = YES_ERROR;
				CLANG_WARN_DOCUMENTATION_COMMENTS = YES;
				CLANG_WARN_EMPTY_BODY = YES;
				CLANG_WARN_ENUM_CONVERSION = YES;
				CLANG_WARN_INFINITE_RECURSION = YES;
				CLANG_WARN_INT_CONVERSION = YES;
				CLANG_WARN_NON_LITERAL_NULL_CONVERSION = YES;
				CLANG_WARN_OBJC_IMPLICIT_RETAIN_SELF = YES;
				CLANG_WARN_OBJC_LITERAL_CONVERSION = YES;
				CLANG_WARN_OBJC_ROOT_CLASS = YES_ERROR;
				CLANG_WARN_QUOTED_INCLUDE_IN_FRAMEWORK_HEADER = YES;
				CLANG_WARN_RANGE_LOOP_ANALYSIS = YES;
				CLANG_WARN_STRICT_PROTOTYPES = YES;
				CLANG_WARN_SUSPICIOUS_MOVE = YES;
				CLANG_WARN_UNGUARDED_AVAILABILITY = YES_AGGRESSIVE;
				CLANG_WARN_UNREACHABLE_CODE = YES;
				CLANG_WARN__DUPLICATE_METHOD_MATCH = YES;
				COPY_PHASE_STRIP = NO;
				DEBUG_INFORMATION_FORMAT = "dwarf-with-dsym";
				ENABLE_NS_ASSERTIONS = NO;
				ENABLE_STRICT_OBJC_MSGSEND = YES;
				ENABLE_USER_SCRIPT_SANDBOXING = YES;
				GCC_C_LANGUAGE_STANDARD = gnu17;
				GCC_NO_COMMON_BLOCKS = YES;
				GCC_WARN_64_TO_32_BIT_CONVERSION = YES;
				GCC_WARN_ABOUT_RETURN_TYPE = YES_ERROR;
				GCC_WARN_UNDECLARED_SELECTOR = YES;
				GCC_WARN_UNINITIALIZED_AUTOS = YES_AGGRESSIVE;
				GCC_WARN_UNUSED_FUNCTION = YES;
				GCC_WARN_UNUSED_VARIABLE = YES;
				IPHONEOS_DEPLOYMENT_TARGET = 16.0;
				LOCALIZATION_PREFERS_STRING_CATALOGS = YES;
				MTL_ENABLE_DEBUG_INFO = NO;
				MTL_FAST_MATH = YES;
				SDKROOT = iphoneos;
				SWIFT_COMPILATION_MODE = wholemodule;
				VALIDATE_PRODUCT = YES;
			};
			name = Release;
		};
		636CFF912B0351EF00B03159 /* Debug */ = {
			isa = XCBuildConfiguration;
			buildSettings = {
				ASSETCATALOG_COMPILER_APPICON_NAME = AppIcon;
				ASSETCATALOG_COMPILER_GLOBAL_ACCENT_COLOR_NAME = AccentColor;
				CODE_SIGN_STYLE = Automatic;
				CURRENT_PROJECT_VERSION = 1;
				DEVELOPMENT_TEAM = 3W9F68ZTUJ;
				GENERATE_INFOPLIST_FILE = YES;
				INFOPLIST_FILE = lslpProject/Info.plist;
				INFOPLIST_KEY_UIApplicationSupportsIndirectInputEvents = YES;
				INFOPLIST_KEY_UILaunchStoryboardName = LaunchScreen;
				INFOPLIST_KEY_UIMainStoryboardFile = Main;
				INFOPLIST_KEY_UISupportedInterfaceOrientations = UIInterfaceOrientationPortrait;
				INFOPLIST_KEY_UISupportedInterfaceOrientations_iPad = "UIInterfaceOrientationLandscapeLeft UIInterfaceOrientationLandscapeRight UIInterfaceOrientationPortrait UIInterfaceOrientationPortraitUpsideDown";
				IPHONEOS_DEPLOYMENT_TARGET = 16.0;
				LD_RUNPATH_SEARCH_PATHS = (
					"$(inherited)",
					"@executable_path/Frameworks",
				);
				MARKETING_VERSION = 1.0;
				PRODUCT_BUNDLE_IDENTIFIER = ii.lslpProject;
				PRODUCT_NAME = "$(TARGET_NAME)";
				SUPPORTED_PLATFORMS = "iphoneos iphonesimulator";
				SUPPORTS_MACCATALYST = NO;
				SUPPORTS_MAC_DESIGNED_FOR_IPHONE_IPAD = NO;
				SWIFT_EMIT_LOC_STRINGS = YES;
				SWIFT_VERSION = 5.0;
				TARGETED_DEVICE_FAMILY = 1;
			};
			name = Debug;
		};
		636CFF922B0351EF00B03159 /* Release */ = {
			isa = XCBuildConfiguration;
			buildSettings = {
				ASSETCATALOG_COMPILER_APPICON_NAME = AppIcon;
				ASSETCATALOG_COMPILER_GLOBAL_ACCENT_COLOR_NAME = AccentColor;
				CODE_SIGN_STYLE = Automatic;
				CURRENT_PROJECT_VERSION = 1;
				DEVELOPMENT_TEAM = 3W9F68ZTUJ;
				GENERATE_INFOPLIST_FILE = YES;
				INFOPLIST_FILE = lslpProject/Info.plist;
				INFOPLIST_KEY_UIApplicationSupportsIndirectInputEvents = YES;
				INFOPLIST_KEY_UILaunchStoryboardName = LaunchScreen;
				INFOPLIST_KEY_UIMainStoryboardFile = Main;
				INFOPLIST_KEY_UISupportedInterfaceOrientations = UIInterfaceOrientationPortrait;
				INFOPLIST_KEY_UISupportedInterfaceOrientations_iPad = "UIInterfaceOrientationLandscapeLeft UIInterfaceOrientationLandscapeRight UIInterfaceOrientationPortrait UIInterfaceOrientationPortraitUpsideDown";
				IPHONEOS_DEPLOYMENT_TARGET = 16.0;
				LD_RUNPATH_SEARCH_PATHS = (
					"$(inherited)",
					"@executable_path/Frameworks",
				);
				MARKETING_VERSION = 1.0;
				PRODUCT_BUNDLE_IDENTIFIER = ii.lslpProject;
				PRODUCT_NAME = "$(TARGET_NAME)";
				SUPPORTED_PLATFORMS = "iphoneos iphonesimulator";
				SUPPORTS_MACCATALYST = NO;
				SUPPORTS_MAC_DESIGNED_FOR_IPHONE_IPAD = NO;
				SWIFT_EMIT_LOC_STRINGS = YES;
				SWIFT_VERSION = 5.0;
				TARGETED_DEVICE_FAMILY = 1;
			};
			name = Release;
		};
/* End XCBuildConfiguration section */

/* Begin XCConfigurationList section */
		636CFF772B0351EE00B03159 /* Build configuration list for PBXProject "lslpProject" */ = {
			isa = XCConfigurationList;
			buildConfigurations = (
				636CFF8E2B0351EF00B03159 /* Debug */,
				636CFF8F2B0351EF00B03159 /* Release */,
			);
			defaultConfigurationIsVisible = 0;
			defaultConfigurationName = Release;
		};
		636CFF902B0351EF00B03159 /* Build configuration list for PBXNativeTarget "lslpProject" */ = {
			isa = XCConfigurationList;
			buildConfigurations = (
				636CFF912B0351EF00B03159 /* Debug */,
				636CFF922B0351EF00B03159 /* Release */,
			);
			defaultConfigurationIsVisible = 0;
			defaultConfigurationName = Release;
		};
/* End XCConfigurationList section */

/* Begin XCRemoteSwiftPackageReference section */
		636CFF962B03522800B03159 /* XCRemoteSwiftPackageReference "SnapKit" */ = {
			isa = XCRemoteSwiftPackageReference;
			repositoryURL = "https://github.com/SnapKit/SnapKit.git";
			requirement = {
				kind = upToNextMajorVersion;
				minimumVersion = 5.6.0;
			};
		};
		636CFF9B2B03523800B03159 /* XCRemoteSwiftPackageReference "RxSwift" */ = {
			isa = XCRemoteSwiftPackageReference;
			repositoryURL = "https://github.com/ReactiveX/RxSwift.git";
			requirement = {
				kind = upToNextMajorVersion;
				minimumVersion = 6.6.0;
			};
		};
		636CFFA62B03525000B03159 /* XCRemoteSwiftPackageReference "RxDataSources" */ = {
			isa = XCRemoteSwiftPackageReference;
			repositoryURL = "https://github.com/RxSwiftCommunity/RxDataSources.git";
			requirement = {
				kind = upToNextMajorVersion;
				minimumVersion = 5.0.2;
			};
		};
		63AC04102B038B1A0067BAEA /* XCRemoteSwiftPackageReference "Alamofire" */ = {
			isa = XCRemoteSwiftPackageReference;
			repositoryURL = "https://github.com/Alamofire/Alamofire";
			requirement = {
				kind = upToNextMajorVersion;
				minimumVersion = 5.8.1;
			};
		};
		63E92AAC2B0F5C7200CBEB2F /* XCRemoteSwiftPackageReference "swift-collections" */ = {
			isa = XCRemoteSwiftPackageReference;
			repositoryURL = "https://github.com/apple/swift-collections.git";
			requirement = {
				kind = upToNextMajorVersion;
				minimumVersion = 1.0.5;
			};
		};
/* End XCRemoteSwiftPackageReference section */

/* Begin XCSwiftPackageProductDependency section */
		636CFF972B03522800B03159 /* SnapKit */ = {
			isa = XCSwiftPackageProductDependency;
			package = 636CFF962B03522800B03159 /* XCRemoteSwiftPackageReference "SnapKit" */;
			productName = SnapKit;
		};
		636CFFA02B03523800B03159 /* RxCocoa */ = {
			isa = XCSwiftPackageProductDependency;
			package = 636CFF9B2B03523800B03159 /* XCRemoteSwiftPackageReference "RxSwift" */;
			productName = RxCocoa;
		};
		636CFFA72B03525000B03159 /* Differentiator */ = {
			isa = XCSwiftPackageProductDependency;
			package = 636CFFA62B03525000B03159 /* XCRemoteSwiftPackageReference "RxDataSources" */;
			productName = Differentiator;
		};
		636CFFA92B03525000B03159 /* RxDataSources */ = {
			isa = XCSwiftPackageProductDependency;
			package = 636CFFA62B03525000B03159 /* XCRemoteSwiftPackageReference "RxDataSources" */;
			productName = RxDataSources;
		};
		63AC04112B038B1A0067BAEA /* Alamofire */ = {
			isa = XCSwiftPackageProductDependency;
			package = 63AC04102B038B1A0067BAEA /* XCRemoteSwiftPackageReference "Alamofire" */;
			productName = Alamofire;
		};
		63E92AAD2B0F5C7200CBEB2F /* Collections */ = {
			isa = XCSwiftPackageProductDependency;
			package = 63E92AAC2B0F5C7200CBEB2F /* XCRemoteSwiftPackageReference "swift-collections" */;
			productName = Collections;
		};
		63E92AAF2B0F5C7200CBEB2F /* DequeModule */ = {
			isa = XCSwiftPackageProductDependency;
			package = 63E92AAC2B0F5C7200CBEB2F /* XCRemoteSwiftPackageReference "swift-collections" */;
			productName = DequeModule;
		};
		63E92AB12B0F5C7200CBEB2F /* OrderedCollections */ = {
			isa = XCSwiftPackageProductDependency;
			package = 63E92AAC2B0F5C7200CBEB2F /* XCRemoteSwiftPackageReference "swift-collections" */;
			productName = OrderedCollections;
		};
/* End XCSwiftPackageProductDependency section */
	};
	rootObject = 636CFF742B0351EE00B03159 /* Project object */;
}
